{
  "version": 4,
  "terraform_version": "1.9.8",
  "serial": 59,
  "lineage": "92dfd393-7ca3-7be9-1a43-b2c0aa46017e",
  "outputs": {
    "kubeconfig": {
      "value": "apiVersion: v1\nkind: Config\nclusters:\n- cluster:\n    certificate-authority-data: LS0tLS1CRUdJTiBDRVJUSUZJQ0FURS0tLS0tCk1JSURKekNDQWcrZ0F3SUJBZ0lDQm5Vd0RRWUpLb1pJaHZjTkFRRUxCUUF3TXpFVk1CTUdBMVVFQ2hNTVJHbG4KYVhSaGJFOWpaV0Z1TVJvd0dBWURWUVFERXhGck9ITmhZWE1nUTJ4MWMzUmxjaUJEUVRBZUZ3MHlOREV4TURjdwpOekl3TXpWYUZ3MDBOREV4TURjd056SXdNelZhTURNeEZUQVRCZ05WQkFvVERFUnBaMmwwWVd4UFkyVmhiakVhCk1CZ0dBMVVFQXhNUmF6aHpZV0Z6SUVOc2RYTjBaWElnUTBFd2dnRWlNQTBHQ1NxR1NJYjNEUUVCQVFVQUE0SUIKRHdBd2dnRUtBb0lCQVFDcC96YVlMWWdRRDc2QmlwTGZKeGFkTW5DMThiTjFLOEx6MXFwWjRpSlpLNXRIMVNRTQpPNVNCMnBhY1Vjdk9KR1ZoK3NTSFhXNmkvbU82QWxzc2E2ZHhLamdaMEEzalltYmZPVTU4VnRiamIwUjJmOE5aCjBrWm5NK1UxMFEwbXpKZVVXN3J2QlU0VE42NFd0SzluNGJTamNudEplZHpRakdScVZHL2NIWHZGSGp6d25VMmkKT1h4UjVWczlVbWRGcGRFMzlyOHNBbXBJTU9oOG5lOEZ0ME9Oak1QVzg0b01wSkdvcTNoMUVKNHV1NHJuaHJBNwptTWRFclBxR29wSEl0ZzlMVzB3SDVacG9TdmdyL3FRSmNWUlJEZk45WUcxTVB4czkxNVlUQXZ5aXZ4WlJaZFB2CkRvZFAxYlY2M1dyOWJBaEhGcEhmZlJ4Y0J0RnVVK1Q2WmkzTEFnTUJBQUdqUlRCRE1BNEdBMVVkRHdFQi93UUUKQXdJQmhqQVNCZ05WSFJNQkFmOEVDREFHQVFIL0FnRUFNQjBHQTFVZERnUVdCQlM2dTZONTV5aGg1T2tFSXlkNwpXbUFsMkRyZERUQU5CZ2txaGtpRzl3MEJBUXNGQUFPQ0FRRUFqL3lPd0h5N01uaUs4a2lTc3RnWFlqcCs4VmVjCmtIVFVCNy9VTDZ4Rit0TXFuWlpINkJ1WkthZkJNdWNPTHlkRkQ3UnE2a0dyb0R4K290OTNtMWZNMFlsdXNFOSsKdHFGQytUbGJoL1lhclBHQVVkVGFDejBiQmZtNEdQS1NsVUJlYzRvUU9rQkJoNFhJMEY0Y3FobHFpMHo0QzkyaApnUjR2eEFKSEg3eDlxcTFjZ0x1ZDBxOGgyVUNObkxKM0hVRHo3U2o1eUZkUnVScVhpa1VscDYzcTZwM1RFcys1ClZhLzhJM1IrNGQ2WEdaVVkvQ1VTNld6cXE1M2s0eHAremJ4a1VVRHJ2NklPWDIzWEs1Vkx4bEFuSnNkODl5aHUKQ0JpZUwxTHZKUEx5czJzQk41ZWFVZzFnazhXcjdLTzBEa1RqOE5JMWhwY3pqYWJzNzBQQ2Z1bWVLUT09Ci0tLS0tRU5EIENFUlRJRklDQVRFLS0tLS0K\n    server: https://605459ed-b566-4c6d-ba57-3df4b33b9253.k8s.ondigitalocean.com\n  name: do-ams3-my-devops-cluster2\ncontexts:\n- context:\n    cluster: do-ams3-my-devops-cluster2\n    user: do-ams3-my-devops-cluster2-admin\n  name: do-ams3-my-devops-cluster2\ncurrent-context: do-ams3-my-devops-cluster2\nusers:\n- name: do-ams3-my-devops-cluster2-admin\n  user:\n    token: dop_v1_a7c3a2be1052dcbcb0518c11ab4a4e4ed35946f5b88705d22488c4d47bf8df40\n",
      "type": "string",
      "sensitive": true
    }
  },
  "resources": [
    {
      "mode": "managed",
      "type": "digitalocean_kubernetes_cluster",
      "name": "my-devops-cluster2",
      "provider": "provider[\"registry.terraform.io/digitalocean/digitalocean\"]",
      "instances": [
        {
          "schema_version": 3,
          "attributes": {
            "auto_upgrade": false,
            "cluster_subnet": "10.244.0.0/16",
            "created_at": "2024-11-07 07:20:25 +0000 UTC",
            "destroy_all_associated_resources": false,
            "endpoint": "https://605459ed-b566-4c6d-ba57-3df4b33b9253.k8s.ondigitalocean.com",
            "ha": false,
            "id": "605459ed-b566-4c6d-ba57-3df4b33b9253",
            "ipv4_address": "",
            "kube_config": [
              {
                "client_certificate": "",
                "client_key": "",
                "cluster_ca_certificate": "LS0tLS1CRUdJTiBDRVJUSUZJQ0FURS0tLS0tCk1JSURKekNDQWcrZ0F3SUJBZ0lDQm5Vd0RRWUpLb1pJaHZjTkFRRUxCUUF3TXpFVk1CTUdBMVVFQ2hNTVJHbG4KYVhSaGJFOWpaV0Z1TVJvd0dBWURWUVFERXhGck9ITmhZWE1nUTJ4MWMzUmxjaUJEUVRBZUZ3MHlOREV4TURjdwpOekl3TXpWYUZ3MDBOREV4TURjd056SXdNelZhTURNeEZUQVRCZ05WQkFvVERFUnBaMmwwWVd4UFkyVmhiakVhCk1CZ0dBMVVFQXhNUmF6aHpZV0Z6SUVOc2RYTjBaWElnUTBFd2dnRWlNQTBHQ1NxR1NJYjNEUUVCQVFVQUE0SUIKRHdBd2dnRUtBb0lCQVFDcC96YVlMWWdRRDc2QmlwTGZKeGFkTW5DMThiTjFLOEx6MXFwWjRpSlpLNXRIMVNRTQpPNVNCMnBhY1Vjdk9KR1ZoK3NTSFhXNmkvbU82QWxzc2E2ZHhLamdaMEEzalltYmZPVTU4VnRiamIwUjJmOE5aCjBrWm5NK1UxMFEwbXpKZVVXN3J2QlU0VE42NFd0SzluNGJTamNudEplZHpRakdScVZHL2NIWHZGSGp6d25VMmkKT1h4UjVWczlVbWRGcGRFMzlyOHNBbXBJTU9oOG5lOEZ0ME9Oak1QVzg0b01wSkdvcTNoMUVKNHV1NHJuaHJBNwptTWRFclBxR29wSEl0ZzlMVzB3SDVacG9TdmdyL3FRSmNWUlJEZk45WUcxTVB4czkxNVlUQXZ5aXZ4WlJaZFB2CkRvZFAxYlY2M1dyOWJBaEhGcEhmZlJ4Y0J0RnVVK1Q2WmkzTEFnTUJBQUdqUlRCRE1BNEdBMVVkRHdFQi93UUUKQXdJQmhqQVNCZ05WSFJNQkFmOEVDREFHQVFIL0FnRUFNQjBHQTFVZERnUVdCQlM2dTZONTV5aGg1T2tFSXlkNwpXbUFsMkRyZERUQU5CZ2txaGtpRzl3MEJBUXNGQUFPQ0FRRUFqL3lPd0h5N01uaUs4a2lTc3RnWFlqcCs4VmVjCmtIVFVCNy9VTDZ4Rit0TXFuWlpINkJ1WkthZkJNdWNPTHlkRkQ3UnE2a0dyb0R4K290OTNtMWZNMFlsdXNFOSsKdHFGQytUbGJoL1lhclBHQVVkVGFDejBiQmZtNEdQS1NsVUJlYzRvUU9rQkJoNFhJMEY0Y3FobHFpMHo0QzkyaApnUjR2eEFKSEg3eDlxcTFjZ0x1ZDBxOGgyVUNObkxKM0hVRHo3U2o1eUZkUnVScVhpa1VscDYzcTZwM1RFcys1ClZhLzhJM1IrNGQ2WEdaVVkvQ1VTNld6cXE1M2s0eHAremJ4a1VVRHJ2NklPWDIzWEs1Vkx4bEFuSnNkODl5aHUKQ0JpZUwxTHZKUEx5czJzQk41ZWFVZzFnazhXcjdLTzBEa1RqOE5JMWhwY3pqYWJzNzBQQ2Z1bWVLUT09Ci0tLS0tRU5EIENFUlRJRklDQVRFLS0tLS0K",
                "expires_at": "2024-11-14T07:24:46Z",
                "host": "https://605459ed-b566-4c6d-ba57-3df4b33b9253.k8s.ondigitalocean.com",
                "raw_config": "apiVersion: v1\nkind: Config\nclusters:\n- cluster:\n    certificate-authority-data: LS0tLS1CRUdJTiBDRVJUSUZJQ0FURS0tLS0tCk1JSURKekNDQWcrZ0F3SUJBZ0lDQm5Vd0RRWUpLb1pJaHZjTkFRRUxCUUF3TXpFVk1CTUdBMVVFQ2hNTVJHbG4KYVhSaGJFOWpaV0Z1TVJvd0dBWURWUVFERXhGck9ITmhZWE1nUTJ4MWMzUmxjaUJEUVRBZUZ3MHlOREV4TURjdwpOekl3TXpWYUZ3MDBOREV4TURjd056SXdNelZhTURNeEZUQVRCZ05WQkFvVERFUnBaMmwwWVd4UFkyVmhiakVhCk1CZ0dBMVVFQXhNUmF6aHpZV0Z6SUVOc2RYTjBaWElnUTBFd2dnRWlNQTBHQ1NxR1NJYjNEUUVCQVFVQUE0SUIKRHdBd2dnRUtBb0lCQVFDcC96YVlMWWdRRDc2QmlwTGZKeGFkTW5DMThiTjFLOEx6MXFwWjRpSlpLNXRIMVNRTQpPNVNCMnBhY1Vjdk9KR1ZoK3NTSFhXNmkvbU82QWxzc2E2ZHhLamdaMEEzalltYmZPVTU4VnRiamIwUjJmOE5aCjBrWm5NK1UxMFEwbXpKZVVXN3J2QlU0VE42NFd0SzluNGJTamNudEplZHpRakdScVZHL2NIWHZGSGp6d25VMmkKT1h4UjVWczlVbWRGcGRFMzlyOHNBbXBJTU9oOG5lOEZ0ME9Oak1QVzg0b01wSkdvcTNoMUVKNHV1NHJuaHJBNwptTWRFclBxR29wSEl0ZzlMVzB3SDVacG9TdmdyL3FRSmNWUlJEZk45WUcxTVB4czkxNVlUQXZ5aXZ4WlJaZFB2CkRvZFAxYlY2M1dyOWJBaEhGcEhmZlJ4Y0J0RnVVK1Q2WmkzTEFnTUJBQUdqUlRCRE1BNEdBMVVkRHdFQi93UUUKQXdJQmhqQVNCZ05WSFJNQkFmOEVDREFHQVFIL0FnRUFNQjBHQTFVZERnUVdCQlM2dTZONTV5aGg1T2tFSXlkNwpXbUFsMkRyZERUQU5CZ2txaGtpRzl3MEJBUXNGQUFPQ0FRRUFqL3lPd0h5N01uaUs4a2lTc3RnWFlqcCs4VmVjCmtIVFVCNy9VTDZ4Rit0TXFuWlpINkJ1WkthZkJNdWNPTHlkRkQ3UnE2a0dyb0R4K290OTNtMWZNMFlsdXNFOSsKdHFGQytUbGJoL1lhclBHQVVkVGFDejBiQmZtNEdQS1NsVUJlYzRvUU9rQkJoNFhJMEY0Y3FobHFpMHo0QzkyaApnUjR2eEFKSEg3eDlxcTFjZ0x1ZDBxOGgyVUNObkxKM0hVRHo3U2o1eUZkUnVScVhpa1VscDYzcTZwM1RFcys1ClZhLzhJM1IrNGQ2WEdaVVkvQ1VTNld6cXE1M2s0eHAremJ4a1VVRHJ2NklPWDIzWEs1Vkx4bEFuSnNkODl5aHUKQ0JpZUwxTHZKUEx5czJzQk41ZWFVZzFnazhXcjdLTzBEa1RqOE5JMWhwY3pqYWJzNzBQQ2Z1bWVLUT09Ci0tLS0tRU5EIENFUlRJRklDQVRFLS0tLS0K\n    server: https://605459ed-b566-4c6d-ba57-3df4b33b9253.k8s.ondigitalocean.com\n  name: do-ams3-my-devops-cluster2\ncontexts:\n- context:\n    cluster: do-ams3-my-devops-cluster2\n    user: do-ams3-my-devops-cluster2-admin\n  name: do-ams3-my-devops-cluster2\ncurrent-context: do-ams3-my-devops-cluster2\nusers:\n- name: do-ams3-my-devops-cluster2-admin\n  user:\n    token: dop_v1_a7c3a2be1052dcbcb0518c11ab4a4e4ed35946f5b88705d22488c4d47bf8df40\n",
                "token": "dop_v1_a7c3a2be1052dcbcb0518c11ab4a4e4ed35946f5b88705d22488c4d47bf8df40"
              }
            ],
            "maintenance_policy": [
              {
                "day": "any",
                "duration": "4h0m0s",
                "start_time": "14:00"
              }
            ],
            "name": "my-devops-cluster2",
            "node_pool": [
              {
                "actual_node_count": 3,
                "auto_scale": false,
                "id": "b5d0ed1d-79bc-460f-9fa0-d1c90243e04d",
                "labels": {},
                "max_nodes": 0,
                "min_nodes": 0,
                "name": "website-with-db",
                "node_count": 3,
                "nodes": [
                  {
                    "created_at": "2024-11-07 07:20:25 +0000 UTC",
                    "droplet_id": "456363461",
                    "id": "4e01108f-359b-4754-a3e2-c89e4d7301cb",
                    "name": "website-with-db-gm0a3",
                    "status": "running",
                    "updated_at": "2024-11-07 07:22:40 +0000 UTC"
                  },
                  {
                    "created_at": "2024-11-07 07:20:25 +0000 UTC",
                    "droplet_id": "456363460",
                    "id": "4b7b0020-5ab7-471d-a607-a7bc369f3a78",
                    "name": "website-with-db-gm0a8",
                    "status": "running",
                    "updated_at": "2024-11-07 07:22:40 +0000 UTC"
                  },
                  {
                    "created_at": "2024-11-07 10:49:07 +0000 UTC",
                    "droplet_id": "456390935",
                    "id": "29b1f5f2-8023-4ae2-8b62-8a8035452dfc",
                    "name": "website-with-db-gqn6w",
                    "status": "running",
                    "updated_at": "2024-11-07 10:49:46 +0000 UTC"
                  }
                ],
                "size": "s-1vcpu-2gb",
                "tags": [],
                "taint": []
              }
            ],
            "region": "ams3",
            "registry_integration": false,
            "service_subnet": "10.245.0.0/16",
            "status": "running",
            "surge_upgrade": true,
            "tags": [],
            "timeouts": null,
            "updated_at": "2024-11-07 10:50:25 +0000 UTC",
            "urn": "do:kubernetes:605459ed-b566-4c6d-ba57-3df4b33b9253",
            "version": "1.31.1-do.3",
            "vpc_uuid": "5b6ff2de-6d7e-43cd-829a-7d7195ec23f1"
          },
          "sensitive_attributes": [
            [
              {
                "type": "get_attr",
                "value": "kube_config"
              }
            ]
          ],
          "private": "eyJlMmJmYjczMC1lY2FhLTExZTYtOGY4OC0zNDM2M2JjN2M0YzAiOnsiY3JlYXRlIjoxODAwMDAwMDAwMDAwfSwic2NoZW1hX3ZlcnNpb24iOiIzIn0="
        }
      ]
    },
    {
      "mode": "managed",
      "type": "kubernetes_deployment",
      "name": "postgres",
      "provider": "provider[\"registry.terraform.io/hashicorp/kubernetes\"]",
      "instances": [
        {
          "schema_version": 1,
          "attributes": {
            "id": "ns-website-db/postgres",
            "metadata": [
              {
                "annotations": {},
                "generate_name": "",
                "generation": 1,
                "labels": {},
                "name": "postgres",
                "namespace": "ns-website-db",
                "resource_version": "3189",
                "uid": "1143a713-c7a4-499c-9d4b-3da2ff98e812"
              }
            ],
            "spec": [
              {
                "min_ready_seconds": 0,
                "paused": false,
                "progress_deadline_seconds": 600,
                "replicas": "1",
                "revision_history_limit": 10,
                "selector": [
                  {
                    "match_expressions": [],
                    "match_labels": {
                      "app": "postgres"
                    }
                  }
                ],
                "strategy": [
                  {
                    "rolling_update": [
                      {
                        "max_surge": "25%",
                        "max_unavailable": "25%"
                      }
                    ],
                    "type": "RollingUpdate"
                  }
                ],
                "template": [
                  {
                    "metadata": [
                      {
                        "annotations": {},
                        "generate_name": "",
                        "generation": 0,
                        "labels": {
                          "app": "postgres"
                        },
                        "name": "",
                        "namespace": "",
                        "resource_version": "",
                        "uid": ""
                      }
                    ],
                    "spec": [
                      {
                        "active_deadline_seconds": 0,
                        "affinity": [],
                        "automount_service_account_token": true,
                        "container": [
                          {
                            "args": [],
                            "command": [],
                            "env": [
                              {
                                "name": "POSTGRES_DB",
                                "value": "my_database",
                                "value_from": []
                              },
                              {
                                "name": "POSTGRES_USER",
                                "value": "db_user",
                                "value_from": []
                              },
                              {
                                "name": "POSTGRES_PASSWORD",
                                "value": "mypassword",
                                "value_from": []
                              },
                              {
                                "name": "PGDATA",
                                "value": "/var/lib/postgresql/data/pgdata",
                                "value_from": []
                              }
                            ],
                            "env_from": [],
                            "image": "postgres:16",
                            "image_pull_policy": "IfNotPresent",
                            "lifecycle": [],
                            "liveness_probe": [],
                            "name": "postgres",
                            "port": [
                              {
                                "container_port": 5432,
                                "host_ip": "",
                                "host_port": 0,
                                "name": "",
                                "protocol": "TCP"
                              }
                            ],
                            "readiness_probe": [],
                            "resources": [
                              {
                                "limits": {},
                                "requests": {}
                              }
                            ],
                            "security_context": [],
                            "startup_probe": [],
                            "stdin": false,
                            "stdin_once": false,
                            "termination_message_path": "/dev/termination-log",
                            "termination_message_policy": "File",
                            "tty": false,
                            "volume_device": [],
                            "volume_mount": [
                              {
                                "mount_path": "/var/lib/postgresql/data",
                                "mount_propagation": "None",
                                "name": "postgres-storage",
                                "read_only": false,
                                "sub_path": ""
                              }
                            ],
                            "working_dir": ""
                          }
                        ],
                        "dns_config": [],
                        "dns_policy": "ClusterFirst",
                        "enable_service_links": true,
                        "host_aliases": [],
                        "host_ipc": false,
                        "host_network": false,
                        "host_pid": false,
                        "hostname": "",
                        "image_pull_secrets": [],
                        "init_container": [],
                        "node_name": "",
                        "node_selector": {},
                        "os": [],
                        "priority_class_name": "",
                        "readiness_gate": [],
                        "restart_policy": "Always",
                        "runtime_class_name": "",
                        "scheduler_name": "default-scheduler",
                        "security_context": [],
                        "service_account_name": "",
                        "share_process_namespace": false,
                        "subdomain": "",
                        "termination_grace_period_seconds": 30,
                        "toleration": [],
                        "topology_spread_constraint": [],
                        "volume": [
                          {
                            "aws_elastic_block_store": [],
                            "azure_disk": [],
                            "azure_file": [],
                            "ceph_fs": [],
                            "cinder": [],
                            "config_map": [],
                            "csi": [],
                            "downward_api": [],
                            "empty_dir": [],
                            "ephemeral": [],
                            "fc": [],
                            "flex_volume": [],
                            "flocker": [],
                            "gce_persistent_disk": [],
                            "git_repo": [],
                            "glusterfs": [],
                            "host_path": [],
                            "iscsi": [],
                            "local": [],
                            "name": "postgres-storage",
                            "nfs": [],
                            "persistent_volume_claim": [
                              {
                                "claim_name": "postgres-pvc",
                                "read_only": false
                              }
                            ],
                            "photon_persistent_disk": [],
                            "projected": [],
                            "quobyte": [],
                            "rbd": [],
                            "secret": [],
                            "vsphere_volume": []
                          }
                        ]
                      }
                    ]
                  }
                ]
              }
            ],
            "timeouts": null,
            "wait_for_rollout": true
          },
          "sensitive_attributes": [
            [
              {
                "type": "get_attr",
                "value": "spec"
              },
              {
                "type": "index",
                "value": {
                  "value": 0,
                  "type": "number"
                }
              },
              {
                "type": "get_attr",
                "value": "template"
              },
              {
                "type": "index",
                "value": {
                  "value": 0,
                  "type": "number"
                }
              },
              {
                "type": "get_attr",
                "value": "spec"
              },
              {
                "type": "index",
                "value": {
                  "value": 0,
                  "type": "number"
                }
              },
              {
                "type": "get_attr",
                "value": "container"
              },
              {
                "type": "index",
                "value": {
                  "value": 0,
                  "type": "number"
                }
              },
              {
                "type": "get_attr",
                "value": "env"
              },
              {
                "type": "index",
                "value": {
                  "value": 2,
                  "type": "number"
                }
              },
              {
                "type": "get_attr",
                "value": "value"
              }
            ]
          ],
          "private": "eyJlMmJmYjczMC1lY2FhLTExZTYtOGY4OC0zNDM2M2JjN2M0YzAiOnsiY3JlYXRlIjo2MDAwMDAwMDAwMDAsImRlbGV0ZSI6NjAwMDAwMDAwMDAwLCJ1cGRhdGUiOjYwMDAwMDAwMDAwMH0sInNjaGVtYV92ZXJzaW9uIjoiMSJ9",
          "dependencies": [
            "digitalocean_kubernetes_cluster.my-devops-cluster2",
            "kubernetes_persistent_volume_claim.postgres_pvc"
          ]
        }
      ]
    },
    {
      "mode": "managed",
      "type": "kubernetes_deployment",
      "name": "website",
      "provider": "provider[\"registry.terraform.io/hashicorp/kubernetes\"]",
      "instances": [
        {
          "schema_version": 1,
          "attributes": {
            "id": "ns-website-db/website",
            "metadata": [
              {
                "annotations": {},
                "generate_name": "",
                "generation": 9,
                "labels": {},
                "name": "website",
                "namespace": "ns-website-db",
                "resource_version": "43500",
                "uid": "f18eb8a7-aa48-49b4-bf2e-56cdfd295f6a"
              }
            ],
            "spec": [
              {
                "min_ready_seconds": 0,
                "paused": false,
                "progress_deadline_seconds": 600,
                "replicas": "1",
                "revision_history_limit": 10,
                "selector": [
                  {
                    "match_expressions": [],
                    "match_labels": {
                      "app": "website"
                    }
                  }
                ],
                "strategy": [
                  {
                    "rolling_update": [
                      {
                        "max_surge": "25%",
                        "max_unavailable": "25%"
                      }
                    ],
                    "type": "RollingUpdate"
                  }
                ],
                "template": [
                  {
                    "metadata": [
                      {
                        "annotations": {},
                        "generate_name": "",
                        "generation": 0,
                        "labels": {
                          "app": "website"
                        },
                        "name": "",
                        "namespace": "",
                        "resource_version": "",
                        "uid": ""
                      }
                    ],
                    "spec": [
                      {
                        "active_deadline_seconds": 0,
                        "affinity": [],
                        "automount_service_account_token": true,
                        "container": [
                          {
                            "args": [],
                            "command": [],
                            "env": [
                              {
                                "name": "DATABASE_URL",
                                "value": "postgresql://db_user:mypassword@postgres.ns-website-db.svc.cluster.local:5432/my_database",
                                "value_from": []
                              }
                            ],
                            "env_from": [],
                            "image": "registry.digitalocean.com/devops-cicd/fast-api:latest",
                            "image_pull_policy": "Always",
                            "lifecycle": [],
                            "liveness_probe": [],
                            "name": "website",
                            "port": [
                              {
                                "container_port": 8000,
                                "host_ip": "",
                                "host_port": 0,
                                "name": "",
                                "protocol": "TCP"
                              }
                            ],
                            "readiness_probe": [],
                            "resources": [
                              {
                                "limits": {},
                                "requests": {}
                              }
                            ],
                            "security_context": [],
                            "startup_probe": [],
                            "stdin": false,
                            "stdin_once": false,
                            "termination_message_path": "/dev/termination-log",
                            "termination_message_policy": "File",
                            "tty": false,
                            "volume_device": [],
                            "volume_mount": [],
                            "working_dir": ""
                          }
                        ],
                        "dns_config": [],
                        "dns_policy": "ClusterFirst",
                        "enable_service_links": true,
                        "host_aliases": [],
                        "host_ipc": false,
                        "host_network": false,
                        "host_pid": false,
                        "hostname": "",
                        "image_pull_secrets": [
                          {
                            "name": "do-secret"
                          },
                          {
                            "name": "do-secret"
                          }
                        ],
                        "init_container": [],
                        "node_name": "",
                        "node_selector": {},
                        "os": [],
                        "priority_class_name": "",
                        "readiness_gate": [],
                        "restart_policy": "Always",
                        "runtime_class_name": "",
                        "scheduler_name": "default-scheduler",
                        "security_context": [],
                        "service_account_name": "",
                        "share_process_namespace": false,
                        "subdomain": "",
                        "termination_grace_period_seconds": 30,
                        "toleration": [],
                        "topology_spread_constraint": [],
                        "volume": []
                      }
                    ]
                  }
                ]
              }
            ],
            "timeouts": null,
            "wait_for_rollout": true
          },
          "sensitive_attributes": [
            [
              {
                "type": "get_attr",
                "value": "spec"
              },
              {
                "type": "index",
                "value": {
                  "value": 0,
                  "type": "number"
                }
              },
              {
                "type": "get_attr",
                "value": "template"
              },
              {
                "type": "index",
                "value": {
                  "value": 0,
                  "type": "number"
                }
              },
              {
                "type": "get_attr",
                "value": "spec"
              },
              {
                "type": "index",
                "value": {
                  "value": 0,
                  "type": "number"
                }
              },
              {
                "type": "get_attr",
                "value": "container"
              },
              {
                "type": "index",
                "value": {
                  "value": 0,
                  "type": "number"
                }
              },
              {
                "type": "get_attr",
                "value": "env"
              },
              {
                "type": "index",
                "value": {
                  "value": 0,
                  "type": "number"
                }
              },
              {
                "type": "get_attr",
                "value": "value"
              }
            ]
          ],
          "private": "eyJlMmJmYjczMC1lY2FhLTExZTYtOGY4OC0zNDM2M2JjN2M0YzAiOnsiY3JlYXRlIjo2MDAwMDAwMDAwMDAsImRlbGV0ZSI6NjAwMDAwMDAwMDAwLCJ1cGRhdGUiOjYwMDAwMDAwMDAwMH0sInNjaGVtYV92ZXJzaW9uIjoiMSJ9",
          "dependencies": [
            "digitalocean_kubernetes_cluster.my-devops-cluster2",
            "kubernetes_namespace.namespace_creation",
            "kubernetes_secret.do_secret"
          ]
        }
      ]
    },
    {
      "mode": "managed",
      "type": "kubernetes_namespace",
      "name": "namespace_creation",
      "provider": "provider[\"registry.terraform.io/hashicorp/kubernetes\"]",
      "instances": [
        {
          "schema_version": 0,
          "attributes": {
            "id": "ns-website-db",
            "metadata": [
              {
                "annotations": {},
                "generate_name": "",
                "generation": 0,
                "labels": {},
                "name": "ns-website-db",
                "resource_version": "3009",
                "uid": "e96c7b65-0804-4e52-a13d-f1147f19d65c"
              }
            ],
            "timeouts": null,
            "wait_for_default_service_account": false
          },
          "sensitive_attributes": [],
          "private": "eyJlMmJmYjczMC1lY2FhLTExZTYtOGY4OC0zNDM2M2JjN2M0YzAiOnsiZGVsZXRlIjozMDAwMDAwMDAwMDB9fQ==",
          "dependencies": [
            "digitalocean_kubernetes_cluster.my-devops-cluster2"
          ]
        }
      ]
    },
    {
      "mode": "managed",
      "type": "kubernetes_persistent_volume_claim",
      "name": "postgres_pvc",
      "provider": "provider[\"registry.terraform.io/hashicorp/kubernetes\"]",
      "instances": [
        {
          "schema_version": 0,
          "attributes": {
            "id": "ns-website-db/postgres-pvc",
            "metadata": [
              {
                "annotations": {},
                "generate_name": "",
                "generation": 0,
                "labels": {},
                "name": "postgres-pvc",
                "namespace": "ns-website-db",
                "resource_version": "3049",
                "uid": "776eb845-ddfa-4718-8876-11502ae68583"
              }
            ],
            "spec": [
              {
                "access_modes": [
                  "ReadWriteOnce"
                ],
                "resources": [
                  {
                    "limits": {},
                    "requests": {
                      "storage": "1Gi"
                    }
                  }
                ],
                "selector": [],
                "storage_class_name": "do-block-storage",
                "volume_mode": "Filesystem",
                "volume_name": "pvc-776eb845-ddfa-4718-8876-11502ae68583"
              }
            ],
            "timeouts": null,
            "wait_until_bound": true
          },
          "sensitive_attributes": [],
          "private": "eyJlMmJmYjczMC1lY2FhLTExZTYtOGY4OC0zNDM2M2JjN2M0YzAiOnsiY3JlYXRlIjozMDAwMDAwMDAwMDB9fQ==",
          "dependencies": [
            "digitalocean_kubernetes_cluster.my-devops-cluster2"
          ]
        }
      ]
    },
    {
      "mode": "managed",
      "type": "kubernetes_secret",
      "name": "do_secret",
      "provider": "provider[\"registry.terraform.io/hashicorp/kubernetes\"]",
      "instances": [
        {
          "schema_version": 0,
          "attributes": {
            "binary_data": null,
            "data": {
              ".dockerconfigjson": "{\"auths\":{\"registry.digitalocean.com\":{\"email\":\"fvaneknovi@gmail.com\",\"password\":\"dop_v1_6358076aac284cf8f72e32107602edd647a70f7ce3429535b4874836f599f11f\",\"username\":\"fransvanek\"}}}"
            },
            "id": "ns-website-db/do-secret",
            "immutable": false,
            "metadata": [
              {
                "annotations": {},
                "generate_name": "",
                "generation": 0,
                "labels": {},
                "name": "do-secret",
                "namespace": "ns-website-db",
                "resource_version": "3012",
                "uid": "76cc5fa3-92d6-4753-b733-66f92e723548"
              }
            ],
            "timeouts": null,
            "type": "kubernetes.io/dockerconfigjson",
            "wait_for_service_account_token": true
          },
          "sensitive_attributes": [
            [
              {
                "type": "get_attr",
                "value": "binary_data"
              }
            ],
            [
              {
                "type": "get_attr",
                "value": "data"
              }
            ],
            [
              {
                "type": "get_attr",
                "value": "data"
              },
              {
                "type": "index",
                "value": {
                  "value": ".dockerconfigjson",
                  "type": "string"
                }
              }
            ]
          ],
          "private": "eyJlMmJmYjczMC1lY2FhLTExZTYtOGY4OC0zNDM2M2JjN2M0YzAiOnsiY3JlYXRlIjo2MDAwMDAwMDAwMH19",
          "dependencies": [
            "digitalocean_kubernetes_cluster.my-devops-cluster2",
            "kubernetes_namespace.namespace_creation"
          ]
        }
      ]
    },
    {
      "mode": "managed",
      "type": "kubernetes_service",
      "name": "postgres",
      "provider": "provider[\"registry.terraform.io/hashicorp/kubernetes\"]",
      "instances": [
        {
          "schema_version": 1,
          "attributes": {
            "id": "ns-website-db/postgres",
            "metadata": [
              {
                "annotations": {},
                "generate_name": "",
                "generation": 0,
                "labels": {},
                "name": "postgres",
                "namespace": "ns-website-db",
                "resource_version": "3017",
                "uid": "419673b2-673f-4014-9dd6-90f829b7fbae"
              }
            ],
            "spec": [
              {
                "allocate_load_balancer_node_ports": true,
                "cluster_ip": "10.245.141.112",
                "cluster_ips": [
                  "10.245.141.112"
                ],
                "external_ips": [],
                "external_name": "",
                "external_traffic_policy": "",
                "health_check_node_port": 0,
                "internal_traffic_policy": "Cluster",
                "ip_families": [
                  "IPv4"
                ],
                "ip_family_policy": "SingleStack",
                "load_balancer_class": "",
                "load_balancer_ip": "",
                "load_balancer_source_ranges": [],
                "port": [
                  {
                    "app_protocol": "",
                    "name": "",
                    "node_port": 0,
                    "port": 5432,
                    "protocol": "TCP",
                    "target_port": "5432"
                  }
                ],
                "publish_not_ready_addresses": false,
                "selector": {
                  "app": "postgres"
                },
                "session_affinity": "None",
                "session_affinity_config": [],
                "type": "ClusterIP"
              }
            ],
            "status": [
              {
                "load_balancer": [
                  {
                    "ingress": []
                  }
                ]
              }
            ],
            "timeouts": null,
            "wait_for_load_balancer": true
          },
          "sensitive_attributes": [],
          "private": "eyJlMmJmYjczMC1lY2FhLTExZTYtOGY4OC0zNDM2M2JjN2M0YzAiOnsiY3JlYXRlIjo2MDAwMDAwMDAwMDB9LCJzY2hlbWFfdmVyc2lvbiI6IjEifQ==",
          "dependencies": [
            "digitalocean_kubernetes_cluster.my-devops-cluster2"
          ]
        }
      ]
    },
    {
      "mode": "managed",
      "type": "kubernetes_service",
      "name": "website",
      "provider": "provider[\"registry.terraform.io/hashicorp/kubernetes\"]",
      "instances": [
        {
          "schema_version": 1,
          "attributes": {
            "id": "ns-website-db/website",
            "metadata": [
              {
                "annotations": {},
                "generate_name": "",
                "generation": 0,
                "labels": {},
                "name": "website",
                "namespace": "ns-website-db",
                "resource_version": "43458",
                "uid": "94bc2837-0d21-4b0b-bc3e-017a8a723e34"
              }
            ],
            "spec": [
              {
                "allocate_load_balancer_node_ports": true,
                "cluster_ip": "10.245.170.37",
                "cluster_ips": [
                  "10.245.170.37"
                ],
                "external_ips": [],
                "external_name": "",
                "external_traffic_policy": "Cluster",
                "health_check_node_port": 0,
                "internal_traffic_policy": "Cluster",
                "ip_families": [
                  "IPv4"
                ],
                "ip_family_policy": "SingleStack",
                "load_balancer_class": "",
                "load_balancer_ip": "",
                "load_balancer_source_ranges": [],
                "port": [
                  {
                    "app_protocol": "",
                    "name": "",
                    "node_port": 31105,
                    "port": 8000,
                    "protocol": "TCP",
                    "target_port": "8000"
                  }
                ],
                "publish_not_ready_addresses": false,
                "selector": {
                  "app": "website"
                },
                "session_affinity": "None",
                "session_affinity_config": [],
                "type": "LoadBalancer"
              }
            ],
            "status": [
              {
                "load_balancer": [
                  {
                    "ingress": [
                      {
                        "hostname": "",
                        "ip": "152.42.148.171"
                      }
                    ]
                  }
                ]
              }
            ],
            "timeouts": null,
            "wait_for_load_balancer": true
          },
          "sensitive_attributes": [],
          "private": "eyJlMmJmYjczMC1lY2FhLTExZTYtOGY4OC0zNDM2M2JjN2M0YzAiOnsiY3JlYXRlIjo2MDAwMDAwMDAwMDB9LCJzY2hlbWFfdmVyc2lvbiI6IjEifQ==",
          "dependencies": [
            "digitalocean_kubernetes_cluster.my-devops-cluster2"
          ]
        }
      ]
    }
  ],
  "check_results": null
}
