{
  "version": 4,
  "terraform_version": "1.9.8",
  "serial": 118,
  "lineage": "92dfd393-7ca3-7be9-1a43-b2c0aa46017e",
  "outputs": {
    "kubeconfig": {
      "value": "apiVersion: v1\nkind: Config\nclusters:\n- cluster:\n    certificate-authority-data: LS0tLS1CRUdJTiBDRVJUSUZJQ0FURS0tLS0tCk1JSURKekNDQWcrZ0F3SUJBZ0lDQm5Vd0RRWUpLb1pJaHZjTkFRRUxCUUF3TXpFVk1CTUdBMVVFQ2hNTVJHbG4KYVhSaGJFOWpaV0Z1TVJvd0dBWURWUVFERXhGck9ITmhZWE1nUTJ4MWMzUmxjaUJEUVRBZUZ3MHlOREV4TWpBeApNVEk0TlRsYUZ3MDBOREV4TWpBeE1USTROVGxhTURNeEZUQVRCZ05WQkFvVERFUnBaMmwwWVd4UFkyVmhiakVhCk1CZ0dBMVVFQXhNUmF6aHpZV0Z6SUVOc2RYTjBaWElnUTBFd2dnRWlNQTBHQ1NxR1NJYjNEUUVCQVFVQUE0SUIKRHdBd2dnRUtBb0lCQVFEVU9pRTk2NitHbCtISHp6MW1iNlQwYmhhWUdwdVNkVDVaU2QxUnNLUG5iSFA5Vi9ndQpzWEF1clcrZ25scUk3b05oL1VGV2w3RDh3S0lXTVc3RFJYMzBoS0p4aG8ybWM3RjUxNEtjVFdtS0RwOTF3c1pRCm9MQUZoRmFDUXkzSWNEbTgrYTg5V3JQVlBxWFI4NU9kVDRPdjhtQXIxNFNUZ3ZGdW1lTlVKYllEK1pnMlpZeWsKa01FWVhKT3pnRDlxR0FNd3BlVFhNa3FXZmxKaHBHYjJIK1VBTFV2MHEwbnhqU0JXcWxhaDRCclgyUGM5MlFrbQpONHNuZzA1VHpkcmNCQUl4UjU3TmhISXc2VjBjM254RmgvQ0VVZGpwTmg0RUhlak1ZVnNXeDk0aUc2T01uWFI3CnA4cGp6V1pxM2g2YThWZWtYV1NuOGFxNzBHZnpwYmNiSnFGekFnTUJBQUdqUlRCRE1BNEdBMVVkRHdFQi93UUUKQXdJQmhqQVNCZ05WSFJNQkFmOEVDREFHQVFIL0FnRUFNQjBHQTFVZERnUVdCQlJLbG9ZNHNTTDNXU0cvaUxXbQpqQitYZW5rR3NEQU5CZ2txaGtpRzl3MEJBUXNGQUFPQ0FRRUFFb3hLYWxZeDhEZDUxVnM4MEIzOUJsWDNlV09VCmxkMTM1V2Y2Q0habnBEQ0lLRDQrUE1kTk5DNnhwT3VjTmhxM29uYUcyWjRYMjNWUFNVU1BKR2VsSGpCMEczNVYKYlBzWkxIekVFWENIWHNMcCtlSDRhZU1TSktJdGNUcVU3QjBhRlkzRE5vaG9OU0RRZ3ZLamhNTjZGQUh0aTVLOApHbHY5WXRoTEY4RGd1aHZrOUV6dlJrZTJmTVRrTEtZUUcyTzNOVzlsbHV6THpoSFAvVFBvbktTZUdxUHpYMFVwCkticGQ5bjM4bkY4WlVJUVYrN0t5Ky9XUXVwUWRzeS9ETWFuZnZZYzFldmo0TGNjQmN4c3c3SDREaU5LZ2pxSzgKcDRnNlM2ZEllaDZNSEFWbXNMbzVPZ1RIdzVzbEtERlNveE5FWHNwL1pRalo3Q2xCZW5peWpzYXdMdz09Ci0tLS0tRU5EIENFUlRJRklDQVRFLS0tLS0K\n    server: https://4d9f1ffc-6cbb-4b28-8549-3c85e18c4e16.k8s.ondigitalocean.com\n  name: do-ams3-my-devops-cluster2\ncontexts:\n- context:\n    cluster: do-ams3-my-devops-cluster2\n    user: do-ams3-my-devops-cluster2-admin\n  name: do-ams3-my-devops-cluster2\ncurrent-context: do-ams3-my-devops-cluster2\nusers:\n- name: do-ams3-my-devops-cluster2-admin\n  user:\n    token: dop_v1_e0c7dacbd0f542042457e8447dacc9acb2e443d97d56c3bc41f016c9564573a7\n",
      "type": "string",
      "sensitive": true
    }
  },
  "resources": [
    {
      "mode": "managed",
      "type": "digitalocean_kubernetes_cluster",
      "name": "my-devops-cluster2",
      "provider": "provider[\"registry.terraform.io/digitalocean/digitalocean\"]",
      "instances": [
        {
          "schema_version": 3,
          "attributes": {
            "auto_upgrade": false,
            "cluster_subnet": "10.244.0.0/16",
            "created_at": "2024-11-20 11:28:55 +0000 UTC",
            "destroy_all_associated_resources": false,
            "endpoint": "https://4d9f1ffc-6cbb-4b28-8549-3c85e18c4e16.k8s.ondigitalocean.com",
            "ha": false,
            "id": "4d9f1ffc-6cbb-4b28-8549-3c85e18c4e16",
            "ipv4_address": "",
            "kube_config": [
              {
                "client_certificate": "",
                "client_key": "",
                "cluster_ca_certificate": "LS0tLS1CRUdJTiBDRVJUSUZJQ0FURS0tLS0tCk1JSURKekNDQWcrZ0F3SUJBZ0lDQm5Vd0RRWUpLb1pJaHZjTkFRRUxCUUF3TXpFVk1CTUdBMVVFQ2hNTVJHbG4KYVhSaGJFOWpaV0Z1TVJvd0dBWURWUVFERXhGck9ITmhZWE1nUTJ4MWMzUmxjaUJEUVRBZUZ3MHlOREV4TWpBeApNVEk0TlRsYUZ3MDBOREV4TWpBeE1USTROVGxhTURNeEZUQVRCZ05WQkFvVERFUnBaMmwwWVd4UFkyVmhiakVhCk1CZ0dBMVVFQXhNUmF6aHpZV0Z6SUVOc2RYTjBaWElnUTBFd2dnRWlNQTBHQ1NxR1NJYjNEUUVCQVFVQUE0SUIKRHdBd2dnRUtBb0lCQVFEVU9pRTk2NitHbCtISHp6MW1iNlQwYmhhWUdwdVNkVDVaU2QxUnNLUG5iSFA5Vi9ndQpzWEF1clcrZ25scUk3b05oL1VGV2w3RDh3S0lXTVc3RFJYMzBoS0p4aG8ybWM3RjUxNEtjVFdtS0RwOTF3c1pRCm9MQUZoRmFDUXkzSWNEbTgrYTg5V3JQVlBxWFI4NU9kVDRPdjhtQXIxNFNUZ3ZGdW1lTlVKYllEK1pnMlpZeWsKa01FWVhKT3pnRDlxR0FNd3BlVFhNa3FXZmxKaHBHYjJIK1VBTFV2MHEwbnhqU0JXcWxhaDRCclgyUGM5MlFrbQpONHNuZzA1VHpkcmNCQUl4UjU3TmhISXc2VjBjM254RmgvQ0VVZGpwTmg0RUhlak1ZVnNXeDk0aUc2T01uWFI3CnA4cGp6V1pxM2g2YThWZWtYV1NuOGFxNzBHZnpwYmNiSnFGekFnTUJBQUdqUlRCRE1BNEdBMVVkRHdFQi93UUUKQXdJQmhqQVNCZ05WSFJNQkFmOEVDREFHQVFIL0FnRUFNQjBHQTFVZERnUVdCQlJLbG9ZNHNTTDNXU0cvaUxXbQpqQitYZW5rR3NEQU5CZ2txaGtpRzl3MEJBUXNGQUFPQ0FRRUFFb3hLYWxZeDhEZDUxVnM4MEIzOUJsWDNlV09VCmxkMTM1V2Y2Q0habnBEQ0lLRDQrUE1kTk5DNnhwT3VjTmhxM29uYUcyWjRYMjNWUFNVU1BKR2VsSGpCMEczNVYKYlBzWkxIekVFWENIWHNMcCtlSDRhZU1TSktJdGNUcVU3QjBhRlkzRE5vaG9OU0RRZ3ZLamhNTjZGQUh0aTVLOApHbHY5WXRoTEY4RGd1aHZrOUV6dlJrZTJmTVRrTEtZUUcyTzNOVzlsbHV6THpoSFAvVFBvbktTZUdxUHpYMFVwCkticGQ5bjM4bkY4WlVJUVYrN0t5Ky9XUXVwUWRzeS9ETWFuZnZZYzFldmo0TGNjQmN4c3c3SDREaU5LZ2pxSzgKcDRnNlM2ZEllaDZNSEFWbXNMbzVPZ1RIdzVzbEtERlNveE5FWHNwL1pRalo3Q2xCZW5peWpzYXdMdz09Ci0tLS0tRU5EIENFUlRJRklDQVRFLS0tLS0K",
                "expires_at": "2024-11-27T11:33:46Z",
                "host": "https://4d9f1ffc-6cbb-4b28-8549-3c85e18c4e16.k8s.ondigitalocean.com",
                "raw_config": "apiVersion: v1\nkind: Config\nclusters:\n- cluster:\n    certificate-authority-data: LS0tLS1CRUdJTiBDRVJUSUZJQ0FURS0tLS0tCk1JSURKekNDQWcrZ0F3SUJBZ0lDQm5Vd0RRWUpLb1pJaHZjTkFRRUxCUUF3TXpFVk1CTUdBMVVFQ2hNTVJHbG4KYVhSaGJFOWpaV0Z1TVJvd0dBWURWUVFERXhGck9ITmhZWE1nUTJ4MWMzUmxjaUJEUVRBZUZ3MHlOREV4TWpBeApNVEk0TlRsYUZ3MDBOREV4TWpBeE1USTROVGxhTURNeEZUQVRCZ05WQkFvVERFUnBaMmwwWVd4UFkyVmhiakVhCk1CZ0dBMVVFQXhNUmF6aHpZV0Z6SUVOc2RYTjBaWElnUTBFd2dnRWlNQTBHQ1NxR1NJYjNEUUVCQVFVQUE0SUIKRHdBd2dnRUtBb0lCQVFEVU9pRTk2NitHbCtISHp6MW1iNlQwYmhhWUdwdVNkVDVaU2QxUnNLUG5iSFA5Vi9ndQpzWEF1clcrZ25scUk3b05oL1VGV2w3RDh3S0lXTVc3RFJYMzBoS0p4aG8ybWM3RjUxNEtjVFdtS0RwOTF3c1pRCm9MQUZoRmFDUXkzSWNEbTgrYTg5V3JQVlBxWFI4NU9kVDRPdjhtQXIxNFNUZ3ZGdW1lTlVKYllEK1pnMlpZeWsKa01FWVhKT3pnRDlxR0FNd3BlVFhNa3FXZmxKaHBHYjJIK1VBTFV2MHEwbnhqU0JXcWxhaDRCclgyUGM5MlFrbQpONHNuZzA1VHpkcmNCQUl4UjU3TmhISXc2VjBjM254RmgvQ0VVZGpwTmg0RUhlak1ZVnNXeDk0aUc2T01uWFI3CnA4cGp6V1pxM2g2YThWZWtYV1NuOGFxNzBHZnpwYmNiSnFGekFnTUJBQUdqUlRCRE1BNEdBMVVkRHdFQi93UUUKQXdJQmhqQVNCZ05WSFJNQkFmOEVDREFHQVFIL0FnRUFNQjBHQTFVZERnUVdCQlJLbG9ZNHNTTDNXU0cvaUxXbQpqQitYZW5rR3NEQU5CZ2txaGtpRzl3MEJBUXNGQUFPQ0FRRUFFb3hLYWxZeDhEZDUxVnM4MEIzOUJsWDNlV09VCmxkMTM1V2Y2Q0habnBEQ0lLRDQrUE1kTk5DNnhwT3VjTmhxM29uYUcyWjRYMjNWUFNVU1BKR2VsSGpCMEczNVYKYlBzWkxIekVFWENIWHNMcCtlSDRhZU1TSktJdGNUcVU3QjBhRlkzRE5vaG9OU0RRZ3ZLamhNTjZGQUh0aTVLOApHbHY5WXRoTEY4RGd1aHZrOUV6dlJrZTJmTVRrTEtZUUcyTzNOVzlsbHV6THpoSFAvVFBvbktTZUdxUHpYMFVwCkticGQ5bjM4bkY4WlVJUVYrN0t5Ky9XUXVwUWRzeS9ETWFuZnZZYzFldmo0TGNjQmN4c3c3SDREaU5LZ2pxSzgKcDRnNlM2ZEllaDZNSEFWbXNMbzVPZ1RIdzVzbEtERlNveE5FWHNwL1pRalo3Q2xCZW5peWpzYXdMdz09Ci0tLS0tRU5EIENFUlRJRklDQVRFLS0tLS0K\n    server: https://4d9f1ffc-6cbb-4b28-8549-3c85e18c4e16.k8s.ondigitalocean.com\n  name: do-ams3-my-devops-cluster2\ncontexts:\n- context:\n    cluster: do-ams3-my-devops-cluster2\n    user: do-ams3-my-devops-cluster2-admin\n  name: do-ams3-my-devops-cluster2\ncurrent-context: do-ams3-my-devops-cluster2\nusers:\n- name: do-ams3-my-devops-cluster2-admin\n  user:\n    token: dop_v1_e0c7dacbd0f542042457e8447dacc9acb2e443d97d56c3bc41f016c9564573a7\n",
                "token": "dop_v1_e0c7dacbd0f542042457e8447dacc9acb2e443d97d56c3bc41f016c9564573a7"
              }
            ],
            "maintenance_policy": [
              {
                "day": "any",
                "duration": "4h0m0s",
                "start_time": "18:00"
              }
            ],
            "name": "my-devops-cluster2",
            "node_pool": [
              {
                "actual_node_count": 2,
                "auto_scale": false,
                "id": "71a44e93-60ed-402a-bb64-10c458d2d875",
                "labels": {},
                "max_nodes": 0,
                "min_nodes": 0,
                "name": "website-with-db",
                "node_count": 2,
                "nodes": [
                  {
                    "created_at": "2024-11-20 11:28:55 +0000 UTC",
                    "droplet_id": "458857473",
                    "id": "76d4cde0-b7e9-45d1-91ee-2aae6a8bb092",
                    "name": "website-with-db-ggbee",
                    "status": "running",
                    "updated_at": "2024-11-20 11:32:20 +0000 UTC"
                  },
                  {
                    "created_at": "2024-11-20 11:28:55 +0000 UTC",
                    "droplet_id": "458857472",
                    "id": "c22ae96d-d5df-41a1-8d77-9c336b07743c",
                    "name": "website-with-db-ggbea",
                    "status": "running",
                    "updated_at": "2024-11-20 11:32:20 +0000 UTC"
                  }
                ],
                "size": "s-1vcpu-2gb",
                "tags": [],
                "taint": []
              }
            ],
            "region": "ams3",
            "registry_integration": false,
            "service_subnet": "10.245.0.0/16",
            "status": "running",
            "surge_upgrade": true,
            "tags": [],
            "timeouts": null,
            "updated_at": "2024-11-20 11:36:21 +0000 UTC",
            "urn": "do:kubernetes:4d9f1ffc-6cbb-4b28-8549-3c85e18c4e16",
            "version": "1.31.1-do.4",
            "vpc_uuid": "5b6ff2de-6d7e-43cd-829a-7d7195ec23f1"
          },
          "sensitive_attributes": [
            [
              {
                "type": "get_attr",
                "value": "kube_config"
              }
            ]
          ],
          "private": "eyJlMmJmYjczMC1lY2FhLTExZTYtOGY4OC0zNDM2M2JjN2M0YzAiOnsiY3JlYXRlIjoxODAwMDAwMDAwMDAwfSwic2NoZW1hX3ZlcnNpb24iOiIzIn0="
        }
      ]
    },
    {
      "mode": "managed",
      "type": "kubernetes_deployment",
      "name": "postgres",
      "provider": "provider[\"registry.terraform.io/hashicorp/kubernetes\"]",
      "instances": [
        {
          "schema_version": 1,
          "attributes": {
            "id": "ns-website-db/postgres",
            "metadata": [
              {
                "annotations": {},
                "generate_name": "",
                "generation": 1,
                "labels": {},
                "name": "postgres",
                "namespace": "ns-website-db",
                "resource_version": "2104",
                "uid": "f0835524-bc4f-4484-bcdd-d622a5e1b331"
              }
            ],
            "spec": [
              {
                "min_ready_seconds": 0,
                "paused": false,
                "progress_deadline_seconds": 600,
                "replicas": "1",
                "revision_history_limit": 10,
                "selector": [
                  {
                    "match_expressions": [],
                    "match_labels": {
                      "app": "postgres"
                    }
                  }
                ],
                "strategy": [
                  {
                    "rolling_update": [
                      {
                        "max_surge": "25%",
                        "max_unavailable": "25%"
                      }
                    ],
                    "type": "RollingUpdate"
                  }
                ],
                "template": [
                  {
                    "metadata": [
                      {
                        "annotations": {},
                        "generate_name": "",
                        "generation": 0,
                        "labels": {
                          "app": "postgres"
                        },
                        "name": "",
                        "namespace": "",
                        "resource_version": "",
                        "uid": ""
                      }
                    ],
                    "spec": [
                      {
                        "active_deadline_seconds": 0,
                        "affinity": [],
                        "automount_service_account_token": true,
                        "container": [
                          {
                            "args": [],
                            "command": [],
                            "env": [
                              {
                                "name": "POSTGRES_DB",
                                "value": "my_database",
                                "value_from": []
                              },
                              {
                                "name": "POSTGRES_USER",
                                "value": "db_user",
                                "value_from": []
                              },
                              {
                                "name": "POSTGRES_PASSWORD",
                                "value": "mypassword",
                                "value_from": []
                              },
                              {
                                "name": "PGDATA",
                                "value": "/var/lib/postgresql/data/pgdata",
                                "value_from": []
                              }
                            ],
                            "env_from": [],
                            "image": "postgres:16",
                            "image_pull_policy": "IfNotPresent",
                            "lifecycle": [],
                            "liveness_probe": [],
                            "name": "postgres",
                            "port": [
                              {
                                "container_port": 5432,
                                "host_ip": "",
                                "host_port": 0,
                                "name": "",
                                "protocol": "TCP"
                              }
                            ],
                            "readiness_probe": [],
                            "resources": [
                              {
                                "limits": {},
                                "requests": {}
                              }
                            ],
                            "security_context": [],
                            "startup_probe": [],
                            "stdin": false,
                            "stdin_once": false,
                            "termination_message_path": "/dev/termination-log",
                            "termination_message_policy": "File",
                            "tty": false,
                            "volume_device": [],
                            "volume_mount": [
                              {
                                "mount_path": "/var/lib/postgresql/data",
                                "mount_propagation": "None",
                                "name": "postgres-storage",
                                "read_only": false,
                                "sub_path": ""
                              }
                            ],
                            "working_dir": ""
                          }
                        ],
                        "dns_config": [],
                        "dns_policy": "ClusterFirst",
                        "enable_service_links": true,
                        "host_aliases": [],
                        "host_ipc": false,
                        "host_network": false,
                        "host_pid": false,
                        "hostname": "",
                        "image_pull_secrets": [],
                        "init_container": [],
                        "node_name": "",
                        "node_selector": {},
                        "os": [],
                        "priority_class_name": "",
                        "readiness_gate": [],
                        "restart_policy": "Always",
                        "runtime_class_name": "",
                        "scheduler_name": "default-scheduler",
                        "security_context": [],
                        "service_account_name": "",
                        "share_process_namespace": false,
                        "subdomain": "",
                        "termination_grace_period_seconds": 30,
                        "toleration": [],
                        "topology_spread_constraint": [],
                        "volume": [
                          {
                            "aws_elastic_block_store": [],
                            "azure_disk": [],
                            "azure_file": [],
                            "ceph_fs": [],
                            "cinder": [],
                            "config_map": [],
                            "csi": [],
                            "downward_api": [],
                            "empty_dir": [],
                            "ephemeral": [],
                            "fc": [],
                            "flex_volume": [],
                            "flocker": [],
                            "gce_persistent_disk": [],
                            "git_repo": [],
                            "glusterfs": [],
                            "host_path": [],
                            "iscsi": [],
                            "local": [],
                            "name": "postgres-storage",
                            "nfs": [],
                            "persistent_volume_claim": [
                              {
                                "claim_name": "postgres-pvc",
                                "read_only": false
                              }
                            ],
                            "photon_persistent_disk": [],
                            "projected": [],
                            "quobyte": [],
                            "rbd": [],
                            "secret": [],
                            "vsphere_volume": []
                          }
                        ]
                      }
                    ]
                  }
                ]
              }
            ],
            "timeouts": null,
            "wait_for_rollout": true
          },
          "sensitive_attributes": [
            [
              {
                "type": "get_attr",
                "value": "spec"
              },
              {
                "type": "index",
                "value": {
                  "value": 0,
                  "type": "number"
                }
              },
              {
                "type": "get_attr",
                "value": "template"
              },
              {
                "type": "index",
                "value": {
                  "value": 0,
                  "type": "number"
                }
              },
              {
                "type": "get_attr",
                "value": "spec"
              },
              {
                "type": "index",
                "value": {
                  "value": 0,
                  "type": "number"
                }
              },
              {
                "type": "get_attr",
                "value": "container"
              },
              {
                "type": "index",
                "value": {
                  "value": 0,
                  "type": "number"
                }
              },
              {
                "type": "get_attr",
                "value": "env"
              },
              {
                "type": "index",
                "value": {
                  "value": 2,
                  "type": "number"
                }
              },
              {
                "type": "get_attr",
                "value": "value"
              }
            ]
          ],
          "private": "eyJlMmJmYjczMC1lY2FhLTExZTYtOGY4OC0zNDM2M2JjN2M0YzAiOnsiY3JlYXRlIjo2MDAwMDAwMDAwMDAsImRlbGV0ZSI6NjAwMDAwMDAwMDAwLCJ1cGRhdGUiOjYwMDAwMDAwMDAwMH0sInNjaGVtYV92ZXJzaW9uIjoiMSJ9",
          "dependencies": [
            "digitalocean_kubernetes_cluster.my-devops-cluster2",
            "kubernetes_persistent_volume_claim.postgres_pvc"
          ]
        }
      ]
    },
    {
      "mode": "managed",
      "type": "kubernetes_deployment",
      "name": "website",
      "provider": "provider[\"registry.terraform.io/hashicorp/kubernetes\"]",
      "instances": [
        {
          "schema_version": 1,
          "attributes": {
            "id": "ns-website-db/website",
            "metadata": [
              {
                "annotations": {},
                "generate_name": "",
                "generation": 6,
                "labels": {},
                "name": "website",
                "namespace": "ns-website-db",
                "resource_version": "18915",
                "uid": "ac98be86-f7ea-465e-9212-cf477db74b57"
              }
            ],
            "spec": [
              {
                "min_ready_seconds": 0,
                "paused": false,
                "progress_deadline_seconds": 600,
                "replicas": "1",
                "revision_history_limit": 10,
                "selector": [
                  {
                    "match_expressions": [],
                    "match_labels": {
                      "app": "website"
                    }
                  }
                ],
                "strategy": [
                  {
                    "rolling_update": [
                      {
                        "max_surge": "25%",
                        "max_unavailable": "25%"
                      }
                    ],
                    "type": "RollingUpdate"
                  }
                ],
                "template": [
                  {
                    "metadata": [
                      {
                        "annotations": {},
                        "generate_name": "",
                        "generation": 0,
                        "labels": {
                          "app": "website"
                        },
                        "name": "",
                        "namespace": "",
                        "resource_version": "",
                        "uid": ""
                      }
                    ],
                    "spec": [
                      {
                        "active_deadline_seconds": 0,
                        "affinity": [],
                        "automount_service_account_token": true,
                        "container": [
                          {
                            "args": [],
                            "command": [],
                            "env": [
                              {
                                "name": "DATABASE_URL",
                                "value": "postgresql://db_user:mypassword@postgres.ns-website-db.svc.cluster.local:5432/my_database",
                                "value_from": []
                              }
                            ],
                            "env_from": [],
                            "image": "registry.digitalocean.com/devops-cicd/fast-api:6f294bf6eff6ff4121a64e521389bec8605cb071",
                            "image_pull_policy": "Always",
                            "lifecycle": [],
                            "liveness_probe": [],
                            "name": "website",
                            "port": [
                              {
                                "container_port": 8000,
                                "host_ip": "",
                                "host_port": 0,
                                "name": "",
                                "protocol": "TCP"
                              }
                            ],
                            "readiness_probe": [],
                            "resources": [
                              {
                                "limits": {},
                                "requests": {}
                              }
                            ],
                            "security_context": [],
                            "startup_probe": [],
                            "stdin": false,
                            "stdin_once": false,
                            "termination_message_path": "/dev/termination-log",
                            "termination_message_policy": "File",
                            "tty": false,
                            "volume_device": [],
                            "volume_mount": [],
                            "working_dir": ""
                          }
                        ],
                        "dns_config": [],
                        "dns_policy": "ClusterFirst",
                        "enable_service_links": true,
                        "host_aliases": [],
                        "host_ipc": false,
                        "host_network": false,
                        "host_pid": false,
                        "hostname": "",
                        "image_pull_secrets": [
                          {
                            "name": "do-secret"
                          },
                          {
                            "name": "do-secret"
                          }
                        ],
                        "init_container": [],
                        "node_name": "",
                        "node_selector": {},
                        "os": [],
                        "priority_class_name": "",
                        "readiness_gate": [],
                        "restart_policy": "Always",
                        "runtime_class_name": "",
                        "scheduler_name": "default-scheduler",
                        "security_context": [],
                        "service_account_name": "",
                        "share_process_namespace": false,
                        "subdomain": "",
                        "termination_grace_period_seconds": 30,
                        "toleration": [],
                        "topology_spread_constraint": [],
                        "volume": []
                      }
                    ]
                  }
                ]
              }
            ],
            "timeouts": null,
            "wait_for_rollout": true
          },
          "sensitive_attributes": [
            [
              {
                "type": "get_attr",
                "value": "spec"
              },
              {
                "type": "index",
                "value": {
                  "value": 0,
                  "type": "number"
                }
              },
              {
                "type": "get_attr",
                "value": "template"
              },
              {
                "type": "index",
                "value": {
                  "value": 0,
                  "type": "number"
                }
              },
              {
                "type": "get_attr",
                "value": "spec"
              },
              {
                "type": "index",
                "value": {
                  "value": 0,
                  "type": "number"
                }
              },
              {
                "type": "get_attr",
                "value": "container"
              },
              {
                "type": "index",
                "value": {
                  "value": 0,
                  "type": "number"
                }
              },
              {
                "type": "get_attr",
                "value": "env"
              },
              {
                "type": "index",
                "value": {
                  "value": 0,
                  "type": "number"
                }
              },
              {
                "type": "get_attr",
                "value": "value"
              }
            ]
          ],
          "private": "eyJlMmJmYjczMC1lY2FhLTExZTYtOGY4OC0zNDM2M2JjN2M0YzAiOnsiY3JlYXRlIjo2MDAwMDAwMDAwMDAsImRlbGV0ZSI6NjAwMDAwMDAwMDAwLCJ1cGRhdGUiOjYwMDAwMDAwMDAwMH0sInNjaGVtYV92ZXJzaW9uIjoiMSJ9",
          "dependencies": [
            "digitalocean_kubernetes_cluster.my-devops-cluster2",
            "kubernetes_namespace.namespace_creation",
            "kubernetes_secret.do_secret"
          ]
        }
      ]
    },
    {
      "mode": "managed",
      "type": "kubernetes_namespace",
      "name": "monitoring",
      "provider": "provider[\"registry.terraform.io/hashicorp/kubernetes\"]",
      "instances": [
        {
          "schema_version": 0,
          "attributes": {
            "id": "monitoring",
            "metadata": [
              {
                "annotations": {},
                "generate_name": "",
                "generation": 0,
                "labels": {},
                "name": "monitoring",
                "resource_version": "1562",
                "uid": "2411197b-336a-42f2-9270-1c00214ab24f"
              }
            ],
            "timeouts": null,
            "wait_for_default_service_account": false
          },
          "sensitive_attributes": [],
          "private": "eyJlMmJmYjczMC1lY2FhLTExZTYtOGY4OC0zNDM2M2JjN2M0YzAiOnsiZGVsZXRlIjozMDAwMDAwMDAwMDB9fQ==",
          "dependencies": [
            "digitalocean_kubernetes_cluster.my-devops-cluster2"
          ]
        }
      ]
    },
    {
      "mode": "managed",
      "type": "kubernetes_namespace",
      "name": "namespace_creation",
      "provider": "provider[\"registry.terraform.io/hashicorp/kubernetes\"]",
      "instances": [
        {
          "schema_version": 0,
          "attributes": {
            "id": "ns-website-db",
            "metadata": [
              {
                "annotations": {},
                "generate_name": "",
                "generation": 0,
                "labels": {},
                "name": "ns-website-db",
                "resource_version": "1563",
                "uid": "e1e32303-e022-4769-9711-0dbe7512d0fd"
              }
            ],
            "timeouts": null,
            "wait_for_default_service_account": false
          },
          "sensitive_attributes": [],
          "private": "eyJlMmJmYjczMC1lY2FhLTExZTYtOGY4OC0zNDM2M2JjN2M0YzAiOnsiZGVsZXRlIjozMDAwMDAwMDAwMDB9fQ==",
          "dependencies": [
            "digitalocean_kubernetes_cluster.my-devops-cluster2"
          ]
        }
      ]
    },
    {
      "mode": "managed",
      "type": "kubernetes_persistent_volume_claim",
      "name": "postgres_pvc",
      "provider": "provider[\"registry.terraform.io/hashicorp/kubernetes\"]",
      "instances": [
        {
          "schema_version": 0,
          "attributes": {
            "id": "ns-website-db/postgres-pvc",
            "metadata": [
              {
                "annotations": {},
                "generate_name": "",
                "generation": 0,
                "labels": {},
                "name": "postgres-pvc",
                "namespace": "ns-website-db",
                "resource_version": "1669",
                "uid": "3d8643be-5106-4131-b8c2-60f1737488f1"
              }
            ],
            "spec": [
              {
                "access_modes": [
                  "ReadWriteOnce"
                ],
                "resources": [
                  {
                    "limits": {},
                    "requests": {
                      "storage": "1Gi"
                    }
                  }
                ],
                "selector": [],
                "storage_class_name": "do-block-storage",
                "volume_mode": "Filesystem",
                "volume_name": "pvc-3d8643be-5106-4131-b8c2-60f1737488f1"
              }
            ],
            "timeouts": null,
            "wait_until_bound": true
          },
          "sensitive_attributes": [],
          "private": "eyJlMmJmYjczMC1lY2FhLTExZTYtOGY4OC0zNDM2M2JjN2M0YzAiOnsiY3JlYXRlIjozMDAwMDAwMDAwMDB9fQ==",
          "dependencies": [
            "digitalocean_kubernetes_cluster.my-devops-cluster2"
          ]
        }
      ]
    },
    {
      "mode": "managed",
      "type": "kubernetes_secret",
      "name": "do_secret",
      "provider": "provider[\"registry.terraform.io/hashicorp/kubernetes\"]",
      "instances": [
        {
          "schema_version": 0,
          "attributes": {
            "binary_data": null,
            "data": {
              ".dockerconfigjson": "{\"auths\":{\"registry.digitalocean.com\":{\"email\":\"fvaneknovi@gmail.com\",\"password\":\"dop_v1_6358076aac284cf8f72e32107602edd647a70f7ce3429535b4874836f599f11f\",\"username\":\"fransvanek\"}}}"
            },
            "id": "ns-website-db/do-secret",
            "immutable": false,
            "metadata": [
              {
                "annotations": {},
                "generate_name": "",
                "generation": 0,
                "labels": {},
                "name": "do-secret",
                "namespace": "ns-website-db",
                "resource_version": "1578",
                "uid": "39ee20ba-398a-4240-9d37-637a5c59e7d5"
              }
            ],
            "timeouts": null,
            "type": "kubernetes.io/dockerconfigjson",
            "wait_for_service_account_token": true
          },
          "sensitive_attributes": [
            [
              {
                "type": "get_attr",
                "value": "binary_data"
              }
            ],
            [
              {
                "type": "get_attr",
                "value": "data"
              }
            ],
            [
              {
                "type": "get_attr",
                "value": "data"
              },
              {
                "type": "index",
                "value": {
                  "value": ".dockerconfigjson",
                  "type": "string"
                }
              }
            ]
          ],
          "private": "eyJlMmJmYjczMC1lY2FhLTExZTYtOGY4OC0zNDM2M2JjN2M0YzAiOnsiY3JlYXRlIjo2MDAwMDAwMDAwMH19",
          "dependencies": [
            "digitalocean_kubernetes_cluster.my-devops-cluster2",
            "kubernetes_namespace.namespace_creation"
          ]
        }
      ]
    },
    {
      "mode": "managed",
      "type": "kubernetes_service",
      "name": "postgres",
      "provider": "provider[\"registry.terraform.io/hashicorp/kubernetes\"]",
      "instances": [
        {
          "schema_version": 1,
          "attributes": {
            "id": "ns-website-db/postgres",
            "metadata": [
              {
                "annotations": {},
                "generate_name": "",
                "generation": 0,
                "labels": {},
                "name": "postgres",
                "namespace": "ns-website-db",
                "resource_version": "1572",
                "uid": "7e187b81-ceef-4c9f-a757-e800f8fca76b"
              }
            ],
            "spec": [
              {
                "allocate_load_balancer_node_ports": true,
                "cluster_ip": "10.245.102.173",
                "cluster_ips": [
                  "10.245.102.173"
                ],
                "external_ips": [],
                "external_name": "",
                "external_traffic_policy": "",
                "health_check_node_port": 0,
                "internal_traffic_policy": "Cluster",
                "ip_families": [
                  "IPv4"
                ],
                "ip_family_policy": "SingleStack",
                "load_balancer_class": "",
                "load_balancer_ip": "",
                "load_balancer_source_ranges": [],
                "port": [
                  {
                    "app_protocol": "",
                    "name": "",
                    "node_port": 0,
                    "port": 5432,
                    "protocol": "TCP",
                    "target_port": "5432"
                  }
                ],
                "publish_not_ready_addresses": false,
                "selector": {
                  "app": "postgres"
                },
                "session_affinity": "None",
                "session_affinity_config": [],
                "type": "ClusterIP"
              }
            ],
            "status": [
              {
                "load_balancer": [
                  {
                    "ingress": []
                  }
                ]
              }
            ],
            "timeouts": null,
            "wait_for_load_balancer": true
          },
          "sensitive_attributes": [],
          "private": "eyJlMmJmYjczMC1lY2FhLTExZTYtOGY4OC0zNDM2M2JjN2M0YzAiOnsiY3JlYXRlIjo2MDAwMDAwMDAwMDB9LCJzY2hlbWFfdmVyc2lvbiI6IjEifQ==",
          "dependencies": [
            "digitalocean_kubernetes_cluster.my-devops-cluster2"
          ]
        }
      ]
    },
    {
      "mode": "managed",
      "type": "kubernetes_service",
      "name": "website",
      "provider": "provider[\"registry.terraform.io/hashicorp/kubernetes\"]",
      "instances": [
        {
          "schema_version": 1,
          "attributes": {
            "id": "ns-website-db/website",
            "metadata": [
              {
                "annotations": {},
                "generate_name": "",
                "generation": 0,
                "labels": {},
                "name": "website",
                "namespace": "ns-website-db",
                "resource_version": "20294",
                "uid": "e559c623-f6a1-4044-ae3e-9f0c42f5fe66"
              }
            ],
            "spec": [
              {
                "allocate_load_balancer_node_ports": true,
                "cluster_ip": "10.245.84.252",
                "cluster_ips": [
                  "10.245.84.252"
                ],
                "external_ips": [],
                "external_name": "",
                "external_traffic_policy": "Cluster",
                "health_check_node_port": 0,
                "internal_traffic_policy": "Cluster",
                "ip_families": [
                  "IPv4"
                ],
                "ip_family_policy": "SingleStack",
                "load_balancer_class": "",
                "load_balancer_ip": "",
                "load_balancer_source_ranges": [],
                "port": [
                  {
                    "app_protocol": "",
                    "name": "",
                    "node_port": 32253,
                    "port": 80,
                    "protocol": "TCP",
                    "target_port": "8000"
                  }
                ],
                "publish_not_ready_addresses": false,
                "selector": {
                  "app": "website"
                },
                "session_affinity": "None",
                "session_affinity_config": [],
                "type": "LoadBalancer"
              }
            ],
            "status": [
              {
                "load_balancer": [
                  {
                    "ingress": [
                      {
                        "hostname": "",
                        "ip": "24.144.78.35"
                      }
                    ]
                  }
                ]
              }
            ],
            "timeouts": null,
            "wait_for_load_balancer": true
          },
          "sensitive_attributes": [],
          "private": "eyJlMmJmYjczMC1lY2FhLTExZTYtOGY4OC0zNDM2M2JjN2M0YzAiOnsiY3JlYXRlIjo2MDAwMDAwMDAwMDB9LCJzY2hlbWFfdmVyc2lvbiI6IjEifQ==",
          "dependencies": [
            "digitalocean_kubernetes_cluster.my-devops-cluster2"
          ]
        }
      ]
    }
  ],
  "check_results": null
}
