{
  "version": 4,
  "terraform_version": "1.9.8",
  "serial": 80,
  "lineage": "92dfd393-7ca3-7be9-1a43-b2c0aa46017e",
  "outputs": {
    "kubeconfig": {
      "value": "apiVersion: v1\nkind: Config\nclusters:\n- cluster:\n    certificate-authority-data: LS0tLS1CRUdJTiBDRVJUSUZJQ0FURS0tLS0tCk1JSURKekNDQWcrZ0F3SUJBZ0lDQm5Vd0RRWUpLb1pJaHZjTkFRRUxCUUF3TXpFVk1CTUdBMVVFQ2hNTVJHbG4KYVhSaGJFOWpaV0Z1TVJvd0dBWURWUVFERXhGck9ITmhZWE1nUTJ4MWMzUmxjaUJEUVRBZUZ3MHlOREV4TURneApNREkzTVRWYUZ3MDBOREV4TURneE1ESTNNVFZhTURNeEZUQVRCZ05WQkFvVERFUnBaMmwwWVd4UFkyVmhiakVhCk1CZ0dBMVVFQXhNUmF6aHpZV0Z6SUVOc2RYTjBaWElnUTBFd2dnRWlNQTBHQ1NxR1NJYjNEUUVCQVFVQUE0SUIKRHdBd2dnRUtBb0lCQVFDajUxWUpvNjFGbkd4QTNjdDA1NlQvNjVzNnhOSDJsTWYvdjhxSGxLbkMzYUZ1MnExVAoxeElXSkRudGFuUnZGVUtxMHZOdUlHd0ZIUlhsKzd4UEpyVnd6cXRPMVhsQ2UyVWJlTHE0R1hiUnAwdzZVODhrCkZ2aVhKdURsUnVhWjZBSkZSUjkrOE5DZUZGdzhqSytaSm5xUWtFbUxmVld0cXExVUpKc1o5WjNMZ1RvT3RzTVcKL241ZGlYL2Rhby95YWhRRmYwVVpkZm5kQTdSVnR5NUhhVG15dDNiTFBWd0xrSmlEVlVYMkdxRnBXc3NmenQrZApUSFhYZlkvTzNWbUZRbFo0T1dTOWlRZXBNajduMHh3VkRQUUlJdDNUeGpRbFA5c3lNVDlHM2h3MTlHOWxsUjBZCjJZNWthRHpYTU55eTRGNkpteXhPUm5KRUQvS3FqRG9DSVJlWkFnTUJBQUdqUlRCRE1BNEdBMVVkRHdFQi93UUUKQXdJQmhqQVNCZ05WSFJNQkFmOEVDREFHQVFIL0FnRUFNQjBHQTFVZERnUVdCQlFNRTBiQnQwbEhnYUFDQlpTZgpGZVJyVlBKampEQU5CZ2txaGtpRzl3MEJBUXNGQUFPQ0FRRUFCTjJvVzBOcEFIT1ZIVGF1S3k5emNxdW02Uzl4Cmk1azNWM09NUEhOTm9MSUdyb0xoK2NkMWM4Y1Arb0Mxcys0SEJDRDVJQUZSaVJodjlYK2JLV2hybm5ZTUhvbngKR0JOeU1VbzExRmpvWGZ2Z2Npa3RHQWp3MGNLSWVTZll2LzFXckZTUnRFenBXaE5ocGhzVkxrTEtleGRYS2MvVApKRkZmU29IQjhSSndZeW0zMnh0ek9hOXNhU1NadWtPU0RHY2x4Q2xVSjM2dFZCdkFLR3NDTTBsUVM5SHBUQ0kzCmtGT1MzRnF0bWtsSGgzaHdJeWdMcDZJVzN6N3YwNllJN09SUmZTbldVYWxNeEpLQzVUY2tTdUoraVo4S0k3QUcKM21qUi9PVThlckxFRngrRzQ1NGhqSnRaUEVrZHhoVGpXT3B1S0NJSWViZUV2SmRlYjhrenkxdlRIZz09Ci0tLS0tRU5EIENFUlRJRklDQVRFLS0tLS0K\n    server: https://9221b883-fb4d-4ac5-a48d-134e26f9ab01.k8s.ondigitalocean.com\n  name: do-ams3-my-devops-cluster2\ncontexts:\n- context:\n    cluster: do-ams3-my-devops-cluster2\n    user: do-ams3-my-devops-cluster2-admin\n  name: do-ams3-my-devops-cluster2\ncurrent-context: do-ams3-my-devops-cluster2\nusers:\n- name: do-ams3-my-devops-cluster2-admin\n  user:\n    token: dop_v1_f0f5a9aa2500a5217460de322fb8bd94a45ebb1c0bbb4b4ca7c53f655989bf43\n",
      "type": "string",
      "sensitive": true
    }
  },
  "resources": [
    {
      "mode": "managed",
      "type": "digitalocean_kubernetes_cluster",
      "name": "my-devops-cluster2",
      "provider": "provider[\"registry.terraform.io/digitalocean/digitalocean\"]",
      "instances": [
        {
          "schema_version": 3,
          "attributes": {
            "auto_upgrade": false,
            "cluster_subnet": "10.244.0.0/16",
            "created_at": "2024-11-08 10:27:13 +0000 UTC",
            "destroy_all_associated_resources": false,
            "endpoint": "https://9221b883-fb4d-4ac5-a48d-134e26f9ab01.k8s.ondigitalocean.com",
            "ha": false,
            "id": "9221b883-fb4d-4ac5-a48d-134e26f9ab01",
            "ipv4_address": "",
            "kube_config": [
              {
                "client_certificate": "",
                "client_key": "",
                "cluster_ca_certificate": "LS0tLS1CRUdJTiBDRVJUSUZJQ0FURS0tLS0tCk1JSURKekNDQWcrZ0F3SUJBZ0lDQm5Vd0RRWUpLb1pJaHZjTkFRRUxCUUF3TXpFVk1CTUdBMVVFQ2hNTVJHbG4KYVhSaGJFOWpaV0Z1TVJvd0dBWURWUVFERXhGck9ITmhZWE1nUTJ4MWMzUmxjaUJEUVRBZUZ3MHlOREV4TURneApNREkzTVRWYUZ3MDBOREV4TURneE1ESTNNVFZhTURNeEZUQVRCZ05WQkFvVERFUnBaMmwwWVd4UFkyVmhiakVhCk1CZ0dBMVVFQXhNUmF6aHpZV0Z6SUVOc2RYTjBaWElnUTBFd2dnRWlNQTBHQ1NxR1NJYjNEUUVCQVFVQUE0SUIKRHdBd2dnRUtBb0lCQVFDajUxWUpvNjFGbkd4QTNjdDA1NlQvNjVzNnhOSDJsTWYvdjhxSGxLbkMzYUZ1MnExVAoxeElXSkRudGFuUnZGVUtxMHZOdUlHd0ZIUlhsKzd4UEpyVnd6cXRPMVhsQ2UyVWJlTHE0R1hiUnAwdzZVODhrCkZ2aVhKdURsUnVhWjZBSkZSUjkrOE5DZUZGdzhqSytaSm5xUWtFbUxmVld0cXExVUpKc1o5WjNMZ1RvT3RzTVcKL241ZGlYL2Rhby95YWhRRmYwVVpkZm5kQTdSVnR5NUhhVG15dDNiTFBWd0xrSmlEVlVYMkdxRnBXc3NmenQrZApUSFhYZlkvTzNWbUZRbFo0T1dTOWlRZXBNajduMHh3VkRQUUlJdDNUeGpRbFA5c3lNVDlHM2h3MTlHOWxsUjBZCjJZNWthRHpYTU55eTRGNkpteXhPUm5KRUQvS3FqRG9DSVJlWkFnTUJBQUdqUlRCRE1BNEdBMVVkRHdFQi93UUUKQXdJQmhqQVNCZ05WSFJNQkFmOEVDREFHQVFIL0FnRUFNQjBHQTFVZERnUVdCQlFNRTBiQnQwbEhnYUFDQlpTZgpGZVJyVlBKampEQU5CZ2txaGtpRzl3MEJBUXNGQUFPQ0FRRUFCTjJvVzBOcEFIT1ZIVGF1S3k5emNxdW02Uzl4Cmk1azNWM09NUEhOTm9MSUdyb0xoK2NkMWM4Y1Arb0Mxcys0SEJDRDVJQUZSaVJodjlYK2JLV2hybm5ZTUhvbngKR0JOeU1VbzExRmpvWGZ2Z2Npa3RHQWp3MGNLSWVTZll2LzFXckZTUnRFenBXaE5ocGhzVkxrTEtleGRYS2MvVApKRkZmU29IQjhSSndZeW0zMnh0ek9hOXNhU1NadWtPU0RHY2x4Q2xVSjM2dFZCdkFLR3NDTTBsUVM5SHBUQ0kzCmtGT1MzRnF0bWtsSGgzaHdJeWdMcDZJVzN6N3YwNllJN09SUmZTbldVYWxNeEpLQzVUY2tTdUoraVo4S0k3QUcKM21qUi9PVThlckxFRngrRzQ1NGhqSnRaUEVrZHhoVGpXT3B1S0NJSWViZUV2SmRlYjhrenkxdlRIZz09Ci0tLS0tRU5EIENFUlRJRklDQVRFLS0tLS0K",
                "expires_at": "2024-11-15T10:32:03Z",
                "host": "https://9221b883-fb4d-4ac5-a48d-134e26f9ab01.k8s.ondigitalocean.com",
                "raw_config": "apiVersion: v1\nkind: Config\nclusters:\n- cluster:\n    certificate-authority-data: LS0tLS1CRUdJTiBDRVJUSUZJQ0FURS0tLS0tCk1JSURKekNDQWcrZ0F3SUJBZ0lDQm5Vd0RRWUpLb1pJaHZjTkFRRUxCUUF3TXpFVk1CTUdBMVVFQ2hNTVJHbG4KYVhSaGJFOWpaV0Z1TVJvd0dBWURWUVFERXhGck9ITmhZWE1nUTJ4MWMzUmxjaUJEUVRBZUZ3MHlOREV4TURneApNREkzTVRWYUZ3MDBOREV4TURneE1ESTNNVFZhTURNeEZUQVRCZ05WQkFvVERFUnBaMmwwWVd4UFkyVmhiakVhCk1CZ0dBMVVFQXhNUmF6aHpZV0Z6SUVOc2RYTjBaWElnUTBFd2dnRWlNQTBHQ1NxR1NJYjNEUUVCQVFVQUE0SUIKRHdBd2dnRUtBb0lCQVFDajUxWUpvNjFGbkd4QTNjdDA1NlQvNjVzNnhOSDJsTWYvdjhxSGxLbkMzYUZ1MnExVAoxeElXSkRudGFuUnZGVUtxMHZOdUlHd0ZIUlhsKzd4UEpyVnd6cXRPMVhsQ2UyVWJlTHE0R1hiUnAwdzZVODhrCkZ2aVhKdURsUnVhWjZBSkZSUjkrOE5DZUZGdzhqSytaSm5xUWtFbUxmVld0cXExVUpKc1o5WjNMZ1RvT3RzTVcKL241ZGlYL2Rhby95YWhRRmYwVVpkZm5kQTdSVnR5NUhhVG15dDNiTFBWd0xrSmlEVlVYMkdxRnBXc3NmenQrZApUSFhYZlkvTzNWbUZRbFo0T1dTOWlRZXBNajduMHh3VkRQUUlJdDNUeGpRbFA5c3lNVDlHM2h3MTlHOWxsUjBZCjJZNWthRHpYTU55eTRGNkpteXhPUm5KRUQvS3FqRG9DSVJlWkFnTUJBQUdqUlRCRE1BNEdBMVVkRHdFQi93UUUKQXdJQmhqQVNCZ05WSFJNQkFmOEVDREFHQVFIL0FnRUFNQjBHQTFVZERnUVdCQlFNRTBiQnQwbEhnYUFDQlpTZgpGZVJyVlBKampEQU5CZ2txaGtpRzl3MEJBUXNGQUFPQ0FRRUFCTjJvVzBOcEFIT1ZIVGF1S3k5emNxdW02Uzl4Cmk1azNWM09NUEhOTm9MSUdyb0xoK2NkMWM4Y1Arb0Mxcys0SEJDRDVJQUZSaVJodjlYK2JLV2hybm5ZTUhvbngKR0JOeU1VbzExRmpvWGZ2Z2Npa3RHQWp3MGNLSWVTZll2LzFXckZTUnRFenBXaE5ocGhzVkxrTEtleGRYS2MvVApKRkZmU29IQjhSSndZeW0zMnh0ek9hOXNhU1NadWtPU0RHY2x4Q2xVSjM2dFZCdkFLR3NDTTBsUVM5SHBUQ0kzCmtGT1MzRnF0bWtsSGgzaHdJeWdMcDZJVzN6N3YwNllJN09SUmZTbldVYWxNeEpLQzVUY2tTdUoraVo4S0k3QUcKM21qUi9PVThlckxFRngrRzQ1NGhqSnRaUEVrZHhoVGpXT3B1S0NJSWViZUV2SmRlYjhrenkxdlRIZz09Ci0tLS0tRU5EIENFUlRJRklDQVRFLS0tLS0K\n    server: https://9221b883-fb4d-4ac5-a48d-134e26f9ab01.k8s.ondigitalocean.com\n  name: do-ams3-my-devops-cluster2\ncontexts:\n- context:\n    cluster: do-ams3-my-devops-cluster2\n    user: do-ams3-my-devops-cluster2-admin\n  name: do-ams3-my-devops-cluster2\ncurrent-context: do-ams3-my-devops-cluster2\nusers:\n- name: do-ams3-my-devops-cluster2-admin\n  user:\n    token: dop_v1_f0f5a9aa2500a5217460de322fb8bd94a45ebb1c0bbb4b4ca7c53f655989bf43\n",
                "token": "dop_v1_f0f5a9aa2500a5217460de322fb8bd94a45ebb1c0bbb4b4ca7c53f655989bf43"
              }
            ],
            "maintenance_policy": [
              {
                "day": "any",
                "duration": "4h0m0s",
                "start_time": "2:00"
              }
            ],
            "name": "my-devops-cluster2",
            "node_pool": [
              {
                "actual_node_count": 2,
                "auto_scale": false,
                "id": "a0e25980-f3e1-44a0-9dbf-35e0e15b7c8f",
                "labels": null,
                "max_nodes": 0,
                "min_nodes": 0,
                "name": "website-with-db",
                "node_count": 2,
                "nodes": [
                  {
                    "created_at": "2024-11-08 10:27:13 +0000 UTC",
                    "droplet_id": "456589895",
                    "id": "56259cab-e61a-47af-a14a-45f65310c2cd",
                    "name": "website-with-db-gqhid",
                    "status": "running",
                    "updated_at": "2024-11-08 10:29:16 +0000 UTC"
                  },
                  {
                    "created_at": "2024-11-08 10:27:13 +0000 UTC",
                    "droplet_id": "456589896",
                    "id": "55d0acea-978b-4bb6-a77a-994f76dd4280",
                    "name": "website-with-db-gqhi0",
                    "status": "running",
                    "updated_at": "2024-11-08 10:29:16 +0000 UTC"
                  }
                ],
                "size": "s-1vcpu-2gb",
                "tags": null,
                "taint": []
              }
            ],
            "region": "ams3",
            "registry_integration": false,
            "service_subnet": "10.245.0.0/16",
            "status": "running",
            "surge_upgrade": true,
            "tags": null,
            "timeouts": null,
            "updated_at": "2024-11-08 10:31:57 +0000 UTC",
            "urn": "do:kubernetes:9221b883-fb4d-4ac5-a48d-134e26f9ab01",
            "version": "1.31.1-do.4",
            "vpc_uuid": "5b6ff2de-6d7e-43cd-829a-7d7195ec23f1"
          },
          "sensitive_attributes": [
            [
              {
                "type": "get_attr",
                "value": "kube_config"
              }
            ]
          ],
          "private": "eyJlMmJmYjczMC1lY2FhLTExZTYtOGY4OC0zNDM2M2JjN2M0YzAiOnsiY3JlYXRlIjoxODAwMDAwMDAwMDAwfSwic2NoZW1hX3ZlcnNpb24iOiIzIn0="
        }
      ]
    },
    {
      "mode": "managed",
      "type": "helm_release",
      "name": "grafana",
      "provider": "provider[\"registry.terraform.io/hashicorp/helm\"]",
      "instances": [
        {
          "schema_version": 1,
          "attributes": {
            "atomic": false,
            "chart": "grafana",
            "cleanup_on_fail": false,
            "create_namespace": false,
            "dependency_update": false,
            "description": null,
            "devel": null,
            "disable_crd_hooks": false,
            "disable_openapi_validation": false,
            "disable_webhooks": false,
            "force_update": false,
            "id": "grafana",
            "keyring": null,
            "lint": false,
            "manifest": null,
            "max_history": 0,
            "metadata": [
              {
                "app_version": "11.3.0",
                "chart": "grafana",
                "first_deployed": 1731061939,
                "last_deployed": 1731061939,
                "name": "grafana",
                "namespace": "monitoring",
                "notes": "1. Get your 'admin' user password by running:\n\n   kubectl get secret --namespace monitoring grafana -o jsonpath=\"{.data.admin-password}\" | base64 --decode ; echo\n\n\n2. The Grafana server can be accessed via port 80 on the following DNS name from within your cluster:\n\n   grafana.monitoring.svc.cluster.local\n\n   Get the Grafana URL to visit by running these commands in the same shell:\n   NOTE: It may take a few minutes for the LoadBalancer IP to be available.\n        You can watch the status of by running 'kubectl get svc --namespace monitoring -w grafana'\n     export SERVICE_IP=$(kubectl get svc --namespace monitoring grafana -o jsonpath='{.status.loadBalancer.ingress[0].ip}')\n     http://$SERVICE_IP:80\n\n3. Login with the password from step 1 and the username: admin\n#################################################################################\n######   WARNING: Persistence is disabled!!! You will lose your data when   #####\n######            the Grafana pod is terminated.                            #####\n#################################################################################\n",
                "revision": 1,
                "values": "{\"adminPassword\":\"Ikwiltoegang!\",\"service\":{\"type\":\"LoadBalancer\"}}",
                "version": "8.5.12"
              }
            ],
            "name": "grafana",
            "namespace": "monitoring",
            "pass_credentials": false,
            "postrender": [],
            "recreate_pods": false,
            "render_subchart_notes": true,
            "replace": false,
            "repository": "https://grafana.github.io/helm-charts",
            "repository_ca_file": null,
            "repository_cert_file": null,
            "repository_key_file": null,
            "repository_password": null,
            "repository_username": null,
            "reset_values": false,
            "reuse_values": false,
            "set": [
              {
                "name": "adminPassword",
                "type": "",
                "value": "Ikwiltoegang!"
              },
              {
                "name": "service.type",
                "type": "",
                "value": "LoadBalancer"
              }
            ],
            "set_list": [],
            "set_sensitive": [],
            "skip_crds": false,
            "status": "deployed",
            "timeout": 300,
            "upgrade_install": null,
            "values": null,
            "verify": false,
            "version": "8.5.12",
            "wait": true,
            "wait_for_jobs": false
          },
          "sensitive_attributes": [
            [
              {
                "type": "get_attr",
                "value": "repository_password"
              }
            ]
          ],
          "private": "eyJzY2hlbWFfdmVyc2lvbiI6IjEifQ==",
          "dependencies": [
            "digitalocean_kubernetes_cluster.my-devops-cluster2",
            "kubernetes_namespace.monitoring"
          ]
        }
      ]
    },
    {
      "mode": "managed",
      "type": "helm_release",
      "name": "prometheus",
      "provider": "provider[\"registry.terraform.io/hashicorp/helm\"]",
      "instances": [
        {
          "schema_version": 1,
          "attributes": {
            "atomic": false,
            "chart": "prometheus",
            "cleanup_on_fail": false,
            "create_namespace": false,
            "dependency_update": false,
            "description": null,
            "devel": null,
            "disable_crd_hooks": false,
            "disable_openapi_validation": false,
            "disable_webhooks": false,
            "force_update": false,
            "id": "prometheus",
            "keyring": null,
            "lint": false,
            "manifest": null,
            "max_history": 0,
            "metadata": [
              {
                "app_version": "v2.55.0",
                "chart": "prometheus",
                "first_deployed": 1731061936,
                "last_deployed": 1731061936,
                "name": "prometheus",
                "namespace": "monitoring",
                "notes": "1. Get the application URL by running these commands:\n  export POD_NAME=$(kubectl get pods --namespace monitoring -l \"app.kubernetes.io/name=alertmanager,app.kubernetes.io/instance=prometheus\" -o jsonpath=\"{.items[0].metadata.name}\")\n  echo \"Visit http://127.0.0.1:9093 to use your application\"\n  kubectl --namespace monitoring port-forward $POD_NAME 9093:80\n\n1. Get the application URL by running these commands:\n  export POD_NAME=$(kubectl get pods --namespace monitoring -l \"app.kubernetes.io/name=prometheus-pushgateway,app.kubernetes.io/instance=prometheus\" -o jsonpath=\"{.items[0].metadata.name}\")\n  kubectl port-forward $POD_NAME 9091\n  echo \"Visit http://127.0.0.1:9091 to use your application\"\n\n1. Get the application URL by running these commands:\n  export POD_NAME=$(kubectl get pods --namespace monitoring -l \"app.kubernetes.io/name=prometheus-node-exporter,app.kubernetes.io/instance=prometheus\" -o jsonpath=\"{.items[0].metadata.name}\")\n  echo \"Visit http://127.0.0.1:9100 to use your application\"\n  kubectl port-forward --namespace monitoring $POD_NAME 9100\nThe Prometheus server can be accessed via port 80 on the following DNS name from within your cluster:\nprometheus-server.monitoring.svc.cluster.local\n\n\nGet the Prometheus server URL by running these commands in the same shell:\n  export POD_NAME=$(kubectl get pods --namespace monitoring -l \"app.kubernetes.io/name=prometheus,app.kubernetes.io/instance=prometheus\" -o jsonpath=\"{.items[0].metadata.name}\")\n  kubectl --namespace monitoring port-forward $POD_NAME 9090\n\n\nThe Prometheus alertmanager can be accessed via port 9093 on the following DNS name from within your cluster:\nprometheus-alertmanager.monitoring.svc.cluster.local\n\n\nGet the Alertmanager URL by running these commands in the same shell:\n  export POD_NAME=$(kubectl get pods --namespace monitoring -l \"app.kubernetes.io/name=alertmanager,app.kubernetes.io/instance=prometheus\" -o jsonpath=\"{.items[0].metadata.name}\")\n  kubectl --namespace monitoring port-forward $POD_NAME 9093\n#################################################################################\n######   WARNING: Pod Security Policy has been disabled by default since    #####\n######            it deprecated after k8s 1.25+. use                        #####\n######            (index .Values \"prometheus-node-exporter\" \"rbac\"          #####\n###### .          \"pspEnabled\") with (index .Values                         #####\n######            \"prometheus-node-exporter\" \"rbac\" \"pspAnnotations\")       #####\n######            in case you still need it.                                #####\n#################################################################################\n\n\nThe Prometheus PushGateway can be accessed via port 9091 on the following DNS name from within your cluster:\nprometheus-prometheus-pushgateway.monitoring.svc.cluster.local\n\n\nGet the PushGateway URL by running these commands in the same shell:\n  export POD_NAME=$(kubectl get pods --namespace monitoring -l \"app=prometheus-pushgateway,component=pushgateway\" -o jsonpath=\"{.items[0].metadata.name}\")\n  kubectl --namespace monitoring port-forward $POD_NAME 9091\n\nFor more information on running Prometheus, visit:\nhttps://prometheus.io/\n\nkube-state-metrics is a simple service that listens to the Kubernetes API server and generates metrics about the state of the objects.\nThe exposed metrics can be found here:\nhttps://github.com/kubernetes/kube-state-metrics/blob/master/docs/README.md#exposed-metrics\n\nThe metrics are exported on the HTTP endpoint /metrics on the listening port.\nIn your case, prometheus-kube-state-metrics.monitoring.svc.cluster.local:8080/metrics\n\nThey are served either as plaintext or protobuf depending on the Accept header.\nThey are designed to be consumed either by Prometheus itself or by a scraper that is compatible with scraping a Prometheus client endpoint.\n",
                "revision": 1,
                "values": "{}",
                "version": "25.29.0"
              }
            ],
            "name": "prometheus",
            "namespace": "monitoring",
            "pass_credentials": false,
            "postrender": [],
            "recreate_pods": false,
            "render_subchart_notes": true,
            "replace": false,
            "repository": "https://prometheus-community.github.io/helm-charts",
            "repository_ca_file": null,
            "repository_cert_file": null,
            "repository_key_file": null,
            "repository_password": null,
            "repository_username": null,
            "reset_values": false,
            "reuse_values": false,
            "set": [],
            "set_list": [],
            "set_sensitive": [],
            "skip_crds": false,
            "status": "deployed",
            "timeout": 300,
            "upgrade_install": null,
            "values": null,
            "verify": false,
            "version": "25.29.0",
            "wait": true,
            "wait_for_jobs": false
          },
          "sensitive_attributes": [
            [
              {
                "type": "get_attr",
                "value": "repository_password"
              }
            ]
          ],
          "private": "eyJzY2hlbWFfdmVyc2lvbiI6IjEifQ==",
          "dependencies": [
            "digitalocean_kubernetes_cluster.my-devops-cluster2",
            "kubernetes_namespace.monitoring"
          ]
        }
      ]
    },
    {
      "mode": "managed",
      "type": "kubernetes_deployment",
      "name": "postgres",
      "provider": "provider[\"registry.terraform.io/hashicorp/kubernetes\"]",
      "instances": [
        {
          "schema_version": 1,
          "attributes": {
            "id": "ns-website-db/postgres",
            "metadata": [
              {
                "annotations": null,
                "generate_name": "",
                "generation": 1,
                "labels": null,
                "name": "postgres",
                "namespace": "ns-website-db",
                "resource_version": "2235",
                "uid": "e50229c4-06aa-4ad8-b384-bb99c1ce7c78"
              }
            ],
            "spec": [
              {
                "min_ready_seconds": 0,
                "paused": false,
                "progress_deadline_seconds": 600,
                "replicas": "1",
                "revision_history_limit": 10,
                "selector": [
                  {
                    "match_expressions": [],
                    "match_labels": {
                      "app": "postgres"
                    }
                  }
                ],
                "strategy": [
                  {
                    "rolling_update": [
                      {
                        "max_surge": "25%",
                        "max_unavailable": "25%"
                      }
                    ],
                    "type": "RollingUpdate"
                  }
                ],
                "template": [
                  {
                    "metadata": [
                      {
                        "annotations": null,
                        "generate_name": "",
                        "generation": 0,
                        "labels": {
                          "app": "postgres"
                        },
                        "name": "",
                        "namespace": "",
                        "resource_version": "",
                        "uid": ""
                      }
                    ],
                    "spec": [
                      {
                        "active_deadline_seconds": 0,
                        "affinity": [],
                        "automount_service_account_token": true,
                        "container": [
                          {
                            "args": null,
                            "command": null,
                            "env": [
                              {
                                "name": "POSTGRES_DB",
                                "value": "my_database",
                                "value_from": []
                              },
                              {
                                "name": "POSTGRES_USER",
                                "value": "db_user",
                                "value_from": []
                              },
                              {
                                "name": "POSTGRES_PASSWORD",
                                "value": "mypassword",
                                "value_from": []
                              },
                              {
                                "name": "PGDATA",
                                "value": "/var/lib/postgresql/data/pgdata",
                                "value_from": []
                              }
                            ],
                            "env_from": [],
                            "image": "postgres:16",
                            "image_pull_policy": "IfNotPresent",
                            "lifecycle": [],
                            "liveness_probe": [],
                            "name": "postgres",
                            "port": [
                              {
                                "container_port": 5432,
                                "host_ip": "",
                                "host_port": 0,
                                "name": "",
                                "protocol": "TCP"
                              }
                            ],
                            "readiness_probe": [],
                            "resources": [
                              {
                                "limits": {},
                                "requests": {}
                              }
                            ],
                            "security_context": [],
                            "startup_probe": [],
                            "stdin": false,
                            "stdin_once": false,
                            "termination_message_path": "/dev/termination-log",
                            "termination_message_policy": "File",
                            "tty": false,
                            "volume_device": [],
                            "volume_mount": [
                              {
                                "mount_path": "/var/lib/postgresql/data",
                                "mount_propagation": "None",
                                "name": "postgres-storage",
                                "read_only": false,
                                "sub_path": ""
                              }
                            ],
                            "working_dir": ""
                          }
                        ],
                        "dns_config": [],
                        "dns_policy": "ClusterFirst",
                        "enable_service_links": true,
                        "host_aliases": [],
                        "host_ipc": false,
                        "host_network": false,
                        "host_pid": false,
                        "hostname": "",
                        "image_pull_secrets": [],
                        "init_container": [],
                        "node_name": "",
                        "node_selector": null,
                        "os": [],
                        "priority_class_name": "",
                        "readiness_gate": [],
                        "restart_policy": "Always",
                        "runtime_class_name": "",
                        "scheduler_name": "default-scheduler",
                        "security_context": [],
                        "service_account_name": "",
                        "share_process_namespace": false,
                        "subdomain": "",
                        "termination_grace_period_seconds": 30,
                        "toleration": [],
                        "topology_spread_constraint": [],
                        "volume": [
                          {
                            "aws_elastic_block_store": [],
                            "azure_disk": [],
                            "azure_file": [],
                            "ceph_fs": [],
                            "cinder": [],
                            "config_map": [],
                            "csi": [],
                            "downward_api": [],
                            "empty_dir": [],
                            "ephemeral": [],
                            "fc": [],
                            "flex_volume": [],
                            "flocker": [],
                            "gce_persistent_disk": [],
                            "git_repo": [],
                            "glusterfs": [],
                            "host_path": [],
                            "iscsi": [],
                            "local": [],
                            "name": "postgres-storage",
                            "nfs": [],
                            "persistent_volume_claim": [
                              {
                                "claim_name": "postgres-pvc",
                                "read_only": false
                              }
                            ],
                            "photon_persistent_disk": [],
                            "projected": [],
                            "quobyte": [],
                            "rbd": [],
                            "secret": [],
                            "vsphere_volume": []
                          }
                        ]
                      }
                    ]
                  }
                ]
              }
            ],
            "timeouts": null,
            "wait_for_rollout": true
          },
          "sensitive_attributes": [
            [
              {
                "type": "get_attr",
                "value": "spec"
              },
              {
                "type": "index",
                "value": {
                  "value": 0,
                  "type": "number"
                }
              },
              {
                "type": "get_attr",
                "value": "template"
              },
              {
                "type": "index",
                "value": {
                  "value": 0,
                  "type": "number"
                }
              },
              {
                "type": "get_attr",
                "value": "spec"
              },
              {
                "type": "index",
                "value": {
                  "value": 0,
                  "type": "number"
                }
              },
              {
                "type": "get_attr",
                "value": "container"
              },
              {
                "type": "index",
                "value": {
                  "value": 0,
                  "type": "number"
                }
              },
              {
                "type": "get_attr",
                "value": "env"
              },
              {
                "type": "index",
                "value": {
                  "value": 2,
                  "type": "number"
                }
              },
              {
                "type": "get_attr",
                "value": "value"
              }
            ]
          ],
          "private": "eyJlMmJmYjczMC1lY2FhLTExZTYtOGY4OC0zNDM2M2JjN2M0YzAiOnsiY3JlYXRlIjo2MDAwMDAwMDAwMDAsImRlbGV0ZSI6NjAwMDAwMDAwMDAwLCJ1cGRhdGUiOjYwMDAwMDAwMDAwMH0sInNjaGVtYV92ZXJzaW9uIjoiMSJ9",
          "dependencies": [
            "digitalocean_kubernetes_cluster.my-devops-cluster2",
            "kubernetes_persistent_volume_claim.postgres_pvc"
          ]
        }
      ]
    },
    {
      "mode": "managed",
      "type": "kubernetes_deployment",
      "name": "website",
      "provider": "provider[\"registry.terraform.io/hashicorp/kubernetes\"]",
      "instances": [
        {
          "schema_version": 1,
          "attributes": {
            "id": "ns-website-db/website",
            "metadata": [
              {
                "annotations": null,
                "generate_name": "",
                "generation": 1,
                "labels": null,
                "name": "website",
                "namespace": "ns-website-db",
                "resource_version": "2013",
                "uid": "b375abd8-50d4-4ca7-ba29-7c4f5ab7e186"
              }
            ],
            "spec": [
              {
                "min_ready_seconds": 0,
                "paused": false,
                "progress_deadline_seconds": 600,
                "replicas": "1",
                "revision_history_limit": 10,
                "selector": [
                  {
                    "match_expressions": [],
                    "match_labels": {
                      "app": "website"
                    }
                  }
                ],
                "strategy": [
                  {
                    "rolling_update": [
                      {
                        "max_surge": "25%",
                        "max_unavailable": "25%"
                      }
                    ],
                    "type": "RollingUpdate"
                  }
                ],
                "template": [
                  {
                    "metadata": [
                      {
                        "annotations": null,
                        "generate_name": "",
                        "generation": 0,
                        "labels": {
                          "app": "website"
                        },
                        "name": "",
                        "namespace": "",
                        "resource_version": "",
                        "uid": ""
                      }
                    ],
                    "spec": [
                      {
                        "active_deadline_seconds": 0,
                        "affinity": [],
                        "automount_service_account_token": true,
                        "container": [
                          {
                            "args": null,
                            "command": null,
                            "env": [
                              {
                                "name": "DATABASE_URL",
                                "value": "postgresql://db_user:mypassword@postgres.ns-website-db.svc.cluster.local:5432/my_database",
                                "value_from": []
                              }
                            ],
                            "env_from": [],
                            "image": "registry.digitalocean.com/devops-cicd/fast-api:latest",
                            "image_pull_policy": "Always",
                            "lifecycle": [],
                            "liveness_probe": [],
                            "name": "website",
                            "port": [
                              {
                                "container_port": 8000,
                                "host_ip": "",
                                "host_port": 0,
                                "name": "",
                                "protocol": "TCP"
                              }
                            ],
                            "readiness_probe": [],
                            "resources": [
                              {
                                "limits": {},
                                "requests": {}
                              }
                            ],
                            "security_context": [],
                            "startup_probe": [],
                            "stdin": false,
                            "stdin_once": false,
                            "termination_message_path": "/dev/termination-log",
                            "termination_message_policy": "File",
                            "tty": false,
                            "volume_device": [],
                            "volume_mount": [],
                            "working_dir": ""
                          }
                        ],
                        "dns_config": [],
                        "dns_policy": "ClusterFirst",
                        "enable_service_links": true,
                        "host_aliases": [],
                        "host_ipc": false,
                        "host_network": false,
                        "host_pid": false,
                        "hostname": "",
                        "image_pull_secrets": [
                          {
                            "name": "do-secret"
                          },
                          {
                            "name": "do-secret"
                          }
                        ],
                        "init_container": [],
                        "node_name": "",
                        "node_selector": null,
                        "os": [],
                        "priority_class_name": "",
                        "readiness_gate": [],
                        "restart_policy": "Always",
                        "runtime_class_name": "",
                        "scheduler_name": "default-scheduler",
                        "security_context": [],
                        "service_account_name": "",
                        "share_process_namespace": false,
                        "subdomain": "",
                        "termination_grace_period_seconds": 30,
                        "toleration": [],
                        "topology_spread_constraint": [],
                        "volume": []
                      }
                    ]
                  }
                ]
              }
            ],
            "timeouts": null,
            "wait_for_rollout": true
          },
          "sensitive_attributes": [
            [
              {
                "type": "get_attr",
                "value": "spec"
              },
              {
                "type": "index",
                "value": {
                  "value": 0,
                  "type": "number"
                }
              },
              {
                "type": "get_attr",
                "value": "template"
              },
              {
                "type": "index",
                "value": {
                  "value": 0,
                  "type": "number"
                }
              },
              {
                "type": "get_attr",
                "value": "spec"
              },
              {
                "type": "index",
                "value": {
                  "value": 0,
                  "type": "number"
                }
              },
              {
                "type": "get_attr",
                "value": "container"
              },
              {
                "type": "index",
                "value": {
                  "value": 0,
                  "type": "number"
                }
              },
              {
                "type": "get_attr",
                "value": "env"
              },
              {
                "type": "index",
                "value": {
                  "value": 0,
                  "type": "number"
                }
              },
              {
                "type": "get_attr",
                "value": "value"
              }
            ]
          ],
          "private": "eyJlMmJmYjczMC1lY2FhLTExZTYtOGY4OC0zNDM2M2JjN2M0YzAiOnsiY3JlYXRlIjo2MDAwMDAwMDAwMDAsImRlbGV0ZSI6NjAwMDAwMDAwMDAwLCJ1cGRhdGUiOjYwMDAwMDAwMDAwMH0sInNjaGVtYV92ZXJzaW9uIjoiMSJ9",
          "dependencies": [
            "digitalocean_kubernetes_cluster.my-devops-cluster2",
            "kubernetes_namespace.namespace_creation",
            "kubernetes_secret.do_secret"
          ]
        }
      ]
    },
    {
      "mode": "managed",
      "type": "kubernetes_namespace",
      "name": "monitoring",
      "provider": "provider[\"registry.terraform.io/hashicorp/kubernetes\"]",
      "instances": [
        {
          "schema_version": 0,
          "attributes": {
            "id": "monitoring",
            "metadata": [
              {
                "annotations": null,
                "generate_name": "",
                "generation": 0,
                "labels": null,
                "name": "monitoring",
                "resource_version": "1673",
                "uid": "3e033489-829f-475b-af7f-490f9ea17d60"
              }
            ],
            "timeouts": null,
            "wait_for_default_service_account": false
          },
          "sensitive_attributes": [],
          "private": "eyJlMmJmYjczMC1lY2FhLTExZTYtOGY4OC0zNDM2M2JjN2M0YzAiOnsiZGVsZXRlIjozMDAwMDAwMDAwMDB9fQ==",
          "dependencies": [
            "digitalocean_kubernetes_cluster.my-devops-cluster2"
          ]
        }
      ]
    },
    {
      "mode": "managed",
      "type": "kubernetes_namespace",
      "name": "namespace_creation",
      "provider": "provider[\"registry.terraform.io/hashicorp/kubernetes\"]",
      "instances": [
        {
          "schema_version": 0,
          "attributes": {
            "id": "ns-website-db",
            "metadata": [
              {
                "annotations": null,
                "generate_name": "",
                "generation": 0,
                "labels": null,
                "name": "ns-website-db",
                "resource_version": "1674",
                "uid": "25ed2346-16c3-46e4-a2c4-21f82e20553d"
              }
            ],
            "timeouts": null,
            "wait_for_default_service_account": false
          },
          "sensitive_attributes": [],
          "private": "eyJlMmJmYjczMC1lY2FhLTExZTYtOGY4OC0zNDM2M2JjN2M0YzAiOnsiZGVsZXRlIjozMDAwMDAwMDAwMDB9fQ==",
          "dependencies": [
            "digitalocean_kubernetes_cluster.my-devops-cluster2"
          ]
        }
      ]
    },
    {
      "mode": "managed",
      "type": "kubernetes_persistent_volume_claim",
      "name": "postgres_pvc",
      "provider": "provider[\"registry.terraform.io/hashicorp/kubernetes\"]",
      "instances": [
        {
          "schema_version": 0,
          "attributes": {
            "id": "ns-website-db/postgres-pvc",
            "metadata": [
              {
                "annotations": null,
                "generate_name": "",
                "generation": 0,
                "labels": null,
                "name": "postgres-pvc",
                "namespace": "ns-website-db",
                "resource_version": "1720",
                "uid": "fc0b231f-adbb-44a5-a1bf-8d0ad948626d"
              }
            ],
            "spec": [
              {
                "access_modes": [
                  "ReadWriteOnce"
                ],
                "resources": [
                  {
                    "limits": null,
                    "requests": {
                      "storage": "1Gi"
                    }
                  }
                ],
                "selector": [],
                "storage_class_name": "do-block-storage",
                "volume_mode": "Filesystem",
                "volume_name": "pvc-fc0b231f-adbb-44a5-a1bf-8d0ad948626d"
              }
            ],
            "timeouts": null,
            "wait_until_bound": true
          },
          "sensitive_attributes": [],
          "private": "eyJlMmJmYjczMC1lY2FhLTExZTYtOGY4OC0zNDM2M2JjN2M0YzAiOnsiY3JlYXRlIjozMDAwMDAwMDAwMDB9fQ==",
          "dependencies": [
            "digitalocean_kubernetes_cluster.my-devops-cluster2"
          ]
        }
      ]
    },
    {
      "mode": "managed",
      "type": "kubernetes_secret",
      "name": "do_secret",
      "provider": "provider[\"registry.terraform.io/hashicorp/kubernetes\"]",
      "instances": [
        {
          "schema_version": 0,
          "attributes": {
            "binary_data": null,
            "data": {
              ".dockerconfigjson": "{\"auths\":{\"registry.digitalocean.com\":{\"email\":\"fvaneknovi@gmail.com\",\"password\":\"dop_v1_6358076aac284cf8f72e32107602edd647a70f7ce3429535b4874836f599f11f\",\"username\":\"fransvanek\"}}}"
            },
            "id": "ns-website-db/do-secret",
            "immutable": false,
            "metadata": [
              {
                "annotations": null,
                "generate_name": "",
                "generation": 0,
                "labels": null,
                "name": "do-secret",
                "namespace": "ns-website-db",
                "resource_version": "1679",
                "uid": "4fdfd854-080e-464a-9be5-67954ad1891e"
              }
            ],
            "timeouts": null,
            "type": "kubernetes.io/dockerconfigjson",
            "wait_for_service_account_token": true
          },
          "sensitive_attributes": [
            [
              {
                "type": "get_attr",
                "value": "binary_data"
              }
            ],
            [
              {
                "type": "get_attr",
                "value": "data"
              }
            ],
            [
              {
                "type": "get_attr",
                "value": "data"
              },
              {
                "type": "index",
                "value": {
                  "value": ".dockerconfigjson",
                  "type": "string"
                }
              }
            ]
          ],
          "private": "eyJlMmJmYjczMC1lY2FhLTExZTYtOGY4OC0zNDM2M2JjN2M0YzAiOnsiY3JlYXRlIjo2MDAwMDAwMDAwMH19",
          "dependencies": [
            "digitalocean_kubernetes_cluster.my-devops-cluster2",
            "kubernetes_namespace.namespace_creation"
          ]
        }
      ]
    },
    {
      "mode": "managed",
      "type": "kubernetes_service",
      "name": "postgres",
      "provider": "provider[\"registry.terraform.io/hashicorp/kubernetes\"]",
      "instances": [
        {
          "schema_version": 1,
          "attributes": {
            "id": "ns-website-db/postgres",
            "metadata": [
              {
                "annotations": null,
                "generate_name": "",
                "generation": 0,
                "labels": null,
                "name": "postgres",
                "namespace": "ns-website-db",
                "resource_version": "1683",
                "uid": "e985eb93-da9e-412f-a8b3-54be8397caad"
              }
            ],
            "spec": [
              {
                "allocate_load_balancer_node_ports": true,
                "cluster_ip": "10.245.205.63",
                "cluster_ips": [
                  "10.245.205.63"
                ],
                "external_ips": null,
                "external_name": "",
                "external_traffic_policy": "",
                "health_check_node_port": 0,
                "internal_traffic_policy": "Cluster",
                "ip_families": [
                  "IPv4"
                ],
                "ip_family_policy": "SingleStack",
                "load_balancer_class": "",
                "load_balancer_ip": "",
                "load_balancer_source_ranges": null,
                "port": [
                  {
                    "app_protocol": "",
                    "name": "",
                    "node_port": 0,
                    "port": 5432,
                    "protocol": "TCP",
                    "target_port": "5432"
                  }
                ],
                "publish_not_ready_addresses": false,
                "selector": {
                  "app": "postgres"
                },
                "session_affinity": "None",
                "session_affinity_config": [],
                "type": "ClusterIP"
              }
            ],
            "status": [
              {
                "load_balancer": [
                  {
                    "ingress": []
                  }
                ]
              }
            ],
            "timeouts": null,
            "wait_for_load_balancer": true
          },
          "sensitive_attributes": [],
          "private": "eyJlMmJmYjczMC1lY2FhLTExZTYtOGY4OC0zNDM2M2JjN2M0YzAiOnsiY3JlYXRlIjo2MDAwMDAwMDAwMDB9LCJzY2hlbWFfdmVyc2lvbiI6IjEifQ==",
          "dependencies": [
            "digitalocean_kubernetes_cluster.my-devops-cluster2"
          ]
        }
      ]
    },
    {
      "mode": "managed",
      "type": "kubernetes_service",
      "name": "website",
      "provider": "provider[\"registry.terraform.io/hashicorp/kubernetes\"]",
      "instances": [
        {
          "schema_version": 1,
          "attributes": {
            "id": "ns-website-db/website",
            "metadata": [
              {
                "annotations": {
                  "kubernetes.digitalocean.com/load-balancer-id": "6a245d41-c6cd-43c6-93f4-f05ee375b288"
                },
                "generate_name": "",
                "generation": 0,
                "labels": null,
                "name": "website",
                "namespace": "ns-website-db",
                "resource_version": "2603",
                "uid": "c87cc6c3-b5c2-4fef-8d2a-ed78d3cfa15f"
              }
            ],
            "spec": [
              {
                "allocate_load_balancer_node_ports": true,
                "cluster_ip": "10.245.75.215",
                "cluster_ips": [
                  "10.245.75.215"
                ],
                "external_ips": null,
                "external_name": "",
                "external_traffic_policy": "Cluster",
                "health_check_node_port": 0,
                "internal_traffic_policy": "Cluster",
                "ip_families": [
                  "IPv4"
                ],
                "ip_family_policy": "SingleStack",
                "load_balancer_class": "",
                "load_balancer_ip": "",
                "load_balancer_source_ranges": null,
                "port": [
                  {
                    "app_protocol": "",
                    "name": "",
                    "node_port": 31758,
                    "port": 8000,
                    "protocol": "TCP",
                    "target_port": "8000"
                  }
                ],
                "publish_not_ready_addresses": false,
                "selector": {
                  "app": "website"
                },
                "session_affinity": "None",
                "session_affinity_config": [],
                "type": "LoadBalancer"
              }
            ],
            "status": [
              {
                "load_balancer": [
                  {
                    "ingress": [
                      {
                        "hostname": "",
                        "ip": "24.144.78.13"
                      }
                    ]
                  }
                ]
              }
            ],
            "timeouts": null,
            "wait_for_load_balancer": true
          },
          "sensitive_attributes": [],
          "private": "eyJlMmJmYjczMC1lY2FhLTExZTYtOGY4OC0zNDM2M2JjN2M0YzAiOnsiY3JlYXRlIjo2MDAwMDAwMDAwMDB9LCJzY2hlbWFfdmVyc2lvbiI6IjEifQ==",
          "dependencies": [
            "digitalocean_kubernetes_cluster.my-devops-cluster2"
          ]
        }
      ]
    }
  ],
  "check_results": null
}
