{
  "version": 4,
  "terraform_version": "1.9.8",
  "serial": 10,
  "lineage": "92dfd393-7ca3-7be9-1a43-b2c0aa46017e",
  "outputs": {
    "kubeconfig": {
      "value": "apiVersion: v1\nkind: Config\nclusters:\n- cluster:\n    certificate-authority-data: LS0tLS1CRUdJTiBDRVJUSUZJQ0FURS0tLS0tCk1JSURKekNDQWcrZ0F3SUJBZ0lDQm5Vd0RRWUpLb1pJaHZjTkFRRUxCUUF3TXpFVk1CTUdBMVVFQ2hNTVJHbG4KYVhSaGJFOWpaV0Z1TVJvd0dBWURWUVFERXhGck9ITmhZWE1nUTJ4MWMzUmxjaUJEUVRBZUZ3MHlOREV4TURVeApNakUzTlRkYUZ3MDBOREV4TURVeE1qRTNOVGRhTURNeEZUQVRCZ05WQkFvVERFUnBaMmwwWVd4UFkyVmhiakVhCk1CZ0dBMVVFQXhNUmF6aHpZV0Z6SUVOc2RYTjBaWElnUTBFd2dnRWlNQTBHQ1NxR1NJYjNEUUVCQVFVQUE0SUIKRHdBd2dnRUtBb0lCQVFDM3N0ajlSK0VnK3B1citBRWNsdm42NFkwZjhIRFM2bjRjeEtCbHNWSU9LWCtqU0l3VAo1T2xpTFV6bXFmS3pMMHRBK2d3TlJKZDJ0WWl5UVpNQnNtemgzVHpqYWEyKzhXV0pKRGpCZCtrQ2g2MUJYaW1TCmgzQkNodi9UOENaR05SVDFXWjdDUUZuOWVhVVpza0MyYUFLcXFMREppbTJPVDVVeFpRVlNRS0FObzVicFVnOTAKMldGallZNVpBZ3c3SFkrRitWSnZPb053VTZ6YlgvbnpIcmhSLzMveE9jbUsxSzZ4bjc3U3N2ZjFtZ25Za3hZZQpkdjhwQ2RnYTg2TWJDNnVEL1NQKzJVQUV2S016c2pCTDY4ajVxSXhtMG90UzcvdzVvZ3hWazA4MHFMclRuNksyCkxBQmFyRnpaWG5JNExpUmE1TDY2ZjljUkJML2IrRDdUZ0JydEFnTUJBQUdqUlRCRE1BNEdBMVVkRHdFQi93UUUKQXdJQmhqQVNCZ05WSFJNQkFmOEVDREFHQVFIL0FnRUFNQjBHQTFVZERnUVdCQlNNV0xiMksrUFR3aTJSUExTVQpNY0M0bFRXT1FEQU5CZ2txaGtpRzl3MEJBUXNGQUFPQ0FRRUFvLzdnTkc0RytSQ1JGSWZDNGVaaldFYlJWVXIrCkNVL2xqeUJXdWJNbkd2N0t4N1k4QU1JN29BS3NqeWpEbG4rNFFub0lLNEg0VVF4cGF6NlArT0pXU3h4RUl6bEoKekw3Sk5BMUQxbHZNK1FEYURIY2s4YWdIQjg4RkZYdHlnWk1NbWVCY3F5NnluNm55VVJVWm9tWnRMdGRuR3BmWApaSEJXMFhoeU5vNllYNlBZQzgwU3ZFTzM3cnJaSDZvei9mNVozdjJFOW5ORTl6WEJWOGxVYVpJSW00VmRDeVBoCkhpZTFaeE1nNWpHcHI1TklXNGF6UjhYSWdRU2YwSEs3OVVpYTNwTkFFNFBMZFlieDZZSzQvS1plZXEwZjQyWk8KeEpvUUxFdXdFUDNBL0hEZUZGVW5KRjY0V2N1MVB0TGZ2MDVla1pXMWVqa0w3b0diMHh2TzBBK0tSUT09Ci0tLS0tRU5EIENFUlRJRklDQVRFLS0tLS0K\n    server: https://86a40620-d78c-41eb-bd94-a2a68f40c5c5.k8s.ondigitalocean.com\n  name: do-ams3-my-devops-cluster2\ncontexts:\n- context:\n    cluster: do-ams3-my-devops-cluster2\n    user: do-ams3-my-devops-cluster2-admin\n  name: do-ams3-my-devops-cluster2\ncurrent-context: do-ams3-my-devops-cluster2\nusers:\n- name: do-ams3-my-devops-cluster2-admin\n  user:\n    token: dop_v1_310ad5dec94c6ae5be69500bda9532264cdf4617b6d1306f30cb0c36629b352f\n",
      "type": "string",
      "sensitive": true
    }
  },
  "resources": [
    {
      "mode": "managed",
      "type": "digitalocean_kubernetes_cluster",
      "name": "my-devops-cluster2",
      "provider": "provider[\"registry.terraform.io/digitalocean/digitalocean\"]",
      "instances": [
        {
          "schema_version": 3,
          "attributes": {
            "auto_upgrade": false,
            "cluster_subnet": "10.244.0.0/16",
            "created_at": "2024-11-05 12:17:54 +0000 UTC",
            "destroy_all_associated_resources": false,
            "endpoint": "https://86a40620-d78c-41eb-bd94-a2a68f40c5c5.k8s.ondigitalocean.com",
            "ha": false,
            "id": "86a40620-d78c-41eb-bd94-a2a68f40c5c5",
            "ipv4_address": "",
            "kube_config": [
              {
                "client_certificate": "",
                "client_key": "",
                "cluster_ca_certificate": "LS0tLS1CRUdJTiBDRVJUSUZJQ0FURS0tLS0tCk1JSURKekNDQWcrZ0F3SUJBZ0lDQm5Vd0RRWUpLb1pJaHZjTkFRRUxCUUF3TXpFVk1CTUdBMVVFQ2hNTVJHbG4KYVhSaGJFOWpaV0Z1TVJvd0dBWURWUVFERXhGck9ITmhZWE1nUTJ4MWMzUmxjaUJEUVRBZUZ3MHlOREV4TURVeApNakUzTlRkYUZ3MDBOREV4TURVeE1qRTNOVGRhTURNeEZUQVRCZ05WQkFvVERFUnBaMmwwWVd4UFkyVmhiakVhCk1CZ0dBMVVFQXhNUmF6aHpZV0Z6SUVOc2RYTjBaWElnUTBFd2dnRWlNQTBHQ1NxR1NJYjNEUUVCQVFVQUE0SUIKRHdBd2dnRUtBb0lCQVFDM3N0ajlSK0VnK3B1citBRWNsdm42NFkwZjhIRFM2bjRjeEtCbHNWSU9LWCtqU0l3VAo1T2xpTFV6bXFmS3pMMHRBK2d3TlJKZDJ0WWl5UVpNQnNtemgzVHpqYWEyKzhXV0pKRGpCZCtrQ2g2MUJYaW1TCmgzQkNodi9UOENaR05SVDFXWjdDUUZuOWVhVVpza0MyYUFLcXFMREppbTJPVDVVeFpRVlNRS0FObzVicFVnOTAKMldGallZNVpBZ3c3SFkrRitWSnZPb053VTZ6YlgvbnpIcmhSLzMveE9jbUsxSzZ4bjc3U3N2ZjFtZ25Za3hZZQpkdjhwQ2RnYTg2TWJDNnVEL1NQKzJVQUV2S016c2pCTDY4ajVxSXhtMG90UzcvdzVvZ3hWazA4MHFMclRuNksyCkxBQmFyRnpaWG5JNExpUmE1TDY2ZjljUkJML2IrRDdUZ0JydEFnTUJBQUdqUlRCRE1BNEdBMVVkRHdFQi93UUUKQXdJQmhqQVNCZ05WSFJNQkFmOEVDREFHQVFIL0FnRUFNQjBHQTFVZERnUVdCQlNNV0xiMksrUFR3aTJSUExTVQpNY0M0bFRXT1FEQU5CZ2txaGtpRzl3MEJBUXNGQUFPQ0FRRUFvLzdnTkc0RytSQ1JGSWZDNGVaaldFYlJWVXIrCkNVL2xqeUJXdWJNbkd2N0t4N1k4QU1JN29BS3NqeWpEbG4rNFFub0lLNEg0VVF4cGF6NlArT0pXU3h4RUl6bEoKekw3Sk5BMUQxbHZNK1FEYURIY2s4YWdIQjg4RkZYdHlnWk1NbWVCY3F5NnluNm55VVJVWm9tWnRMdGRuR3BmWApaSEJXMFhoeU5vNllYNlBZQzgwU3ZFTzM3cnJaSDZvei9mNVozdjJFOW5ORTl6WEJWOGxVYVpJSW00VmRDeVBoCkhpZTFaeE1nNWpHcHI1TklXNGF6UjhYSWdRU2YwSEs3OVVpYTNwTkFFNFBMZFlieDZZSzQvS1plZXEwZjQyWk8KeEpvUUxFdXdFUDNBL0hEZUZGVW5KRjY0V2N1MVB0TGZ2MDVla1pXMWVqa0w3b0diMHh2TzBBK0tSUT09Ci0tLS0tRU5EIENFUlRJRklDQVRFLS0tLS0K",
                "expires_at": "2024-11-12T12:22:45Z",
                "host": "https://86a40620-d78c-41eb-bd94-a2a68f40c5c5.k8s.ondigitalocean.com",
                "raw_config": "apiVersion: v1\nkind: Config\nclusters:\n- cluster:\n    certificate-authority-data: LS0tLS1CRUdJTiBDRVJUSUZJQ0FURS0tLS0tCk1JSURKekNDQWcrZ0F3SUJBZ0lDQm5Vd0RRWUpLb1pJaHZjTkFRRUxCUUF3TXpFVk1CTUdBMVVFQ2hNTVJHbG4KYVhSaGJFOWpaV0Z1TVJvd0dBWURWUVFERXhGck9ITmhZWE1nUTJ4MWMzUmxjaUJEUVRBZUZ3MHlOREV4TURVeApNakUzTlRkYUZ3MDBOREV4TURVeE1qRTNOVGRhTURNeEZUQVRCZ05WQkFvVERFUnBaMmwwWVd4UFkyVmhiakVhCk1CZ0dBMVVFQXhNUmF6aHpZV0Z6SUVOc2RYTjBaWElnUTBFd2dnRWlNQTBHQ1NxR1NJYjNEUUVCQVFVQUE0SUIKRHdBd2dnRUtBb0lCQVFDM3N0ajlSK0VnK3B1citBRWNsdm42NFkwZjhIRFM2bjRjeEtCbHNWSU9LWCtqU0l3VAo1T2xpTFV6bXFmS3pMMHRBK2d3TlJKZDJ0WWl5UVpNQnNtemgzVHpqYWEyKzhXV0pKRGpCZCtrQ2g2MUJYaW1TCmgzQkNodi9UOENaR05SVDFXWjdDUUZuOWVhVVpza0MyYUFLcXFMREppbTJPVDVVeFpRVlNRS0FObzVicFVnOTAKMldGallZNVpBZ3c3SFkrRitWSnZPb053VTZ6YlgvbnpIcmhSLzMveE9jbUsxSzZ4bjc3U3N2ZjFtZ25Za3hZZQpkdjhwQ2RnYTg2TWJDNnVEL1NQKzJVQUV2S016c2pCTDY4ajVxSXhtMG90UzcvdzVvZ3hWazA4MHFMclRuNksyCkxBQmFyRnpaWG5JNExpUmE1TDY2ZjljUkJML2IrRDdUZ0JydEFnTUJBQUdqUlRCRE1BNEdBMVVkRHdFQi93UUUKQXdJQmhqQVNCZ05WSFJNQkFmOEVDREFHQVFIL0FnRUFNQjBHQTFVZERnUVdCQlNNV0xiMksrUFR3aTJSUExTVQpNY0M0bFRXT1FEQU5CZ2txaGtpRzl3MEJBUXNGQUFPQ0FRRUFvLzdnTkc0RytSQ1JGSWZDNGVaaldFYlJWVXIrCkNVL2xqeUJXdWJNbkd2N0t4N1k4QU1JN29BS3NqeWpEbG4rNFFub0lLNEg0VVF4cGF6NlArT0pXU3h4RUl6bEoKekw3Sk5BMUQxbHZNK1FEYURIY2s4YWdIQjg4RkZYdHlnWk1NbWVCY3F5NnluNm55VVJVWm9tWnRMdGRuR3BmWApaSEJXMFhoeU5vNllYNlBZQzgwU3ZFTzM3cnJaSDZvei9mNVozdjJFOW5ORTl6WEJWOGxVYVpJSW00VmRDeVBoCkhpZTFaeE1nNWpHcHI1TklXNGF6UjhYSWdRU2YwSEs3OVVpYTNwTkFFNFBMZFlieDZZSzQvS1plZXEwZjQyWk8KeEpvUUxFdXdFUDNBL0hEZUZGVW5KRjY0V2N1MVB0TGZ2MDVla1pXMWVqa0w3b0diMHh2TzBBK0tSUT09Ci0tLS0tRU5EIENFUlRJRklDQVRFLS0tLS0K\n    server: https://86a40620-d78c-41eb-bd94-a2a68f40c5c5.k8s.ondigitalocean.com\n  name: do-ams3-my-devops-cluster2\ncontexts:\n- context:\n    cluster: do-ams3-my-devops-cluster2\n    user: do-ams3-my-devops-cluster2-admin\n  name: do-ams3-my-devops-cluster2\ncurrent-context: do-ams3-my-devops-cluster2\nusers:\n- name: do-ams3-my-devops-cluster2-admin\n  user:\n    token: dop_v1_310ad5dec94c6ae5be69500bda9532264cdf4617b6d1306f30cb0c36629b352f\n",
                "token": "dop_v1_310ad5dec94c6ae5be69500bda9532264cdf4617b6d1306f30cb0c36629b352f"
              }
            ],
            "maintenance_policy": [
              {
                "day": "any",
                "duration": "4h0m0s",
                "start_time": "20:00"
              }
            ],
            "name": "my-devops-cluster2",
            "node_pool": [
              {
                "actual_node_count": 2,
                "auto_scale": false,
                "id": "ff94f7ca-cc1c-4c74-a533-cb5a57106ecc",
                "labels": null,
                "max_nodes": 0,
                "min_nodes": 0,
                "name": "website-with-db",
                "node_count": 2,
                "nodes": [
                  {
                    "created_at": "2024-11-05 12:17:54 +0000 UTC",
                    "droplet_id": "455992038",
                    "id": "4041cdbc-97de-4c41-bc9b-32d6d1809471",
                    "name": "website-with-db-g7w9c",
                    "status": "running",
                    "updated_at": "2024-11-05 12:20:38 +0000 UTC"
                  },
                  {
                    "created_at": "2024-11-05 12:17:54 +0000 UTC",
                    "droplet_id": "455992037",
                    "id": "125957ee-1ff3-43e0-8556-bd23047fb6e4",
                    "name": "website-with-db-g7w97",
                    "status": "running",
                    "updated_at": "2024-11-05 12:20:38 +0000 UTC"
                  }
                ],
                "size": "s-1vcpu-2gb",
                "tags": null,
                "taint": []
              }
            ],
            "region": "ams3",
            "registry_integration": false,
            "service_subnet": "10.245.0.0/16",
            "status": "running",
            "surge_upgrade": true,
            "tags": null,
            "timeouts": null,
            "updated_at": "2024-11-05 12:22:39 +0000 UTC",
            "urn": "do:kubernetes:86a40620-d78c-41eb-bd94-a2a68f40c5c5",
            "version": "1.31.1-do.3",
            "vpc_uuid": "5b6ff2de-6d7e-43cd-829a-7d7195ec23f1"
          },
          "sensitive_attributes": [
            [
              {
                "type": "get_attr",
                "value": "kube_config"
              }
            ]
          ],
          "private": "eyJlMmJmYjczMC1lY2FhLTExZTYtOGY4OC0zNDM2M2JjN2M0YzAiOnsiY3JlYXRlIjoxODAwMDAwMDAwMDAwfSwic2NoZW1hX3ZlcnNpb24iOiIzIn0="
        }
      ]
    },
    {
      "mode": "managed",
      "type": "kubernetes_deployment",
      "name": "postgres",
      "provider": "provider[\"registry.terraform.io/hashicorp/kubernetes\"]",
      "instances": [
        {
          "schema_version": 1,
          "attributes": {
            "id": "ns-website-db/postgres",
            "metadata": [
              {
                "annotations": null,
                "generate_name": "",
                "generation": 1,
                "labels": null,
                "name": "postgres",
                "namespace": "ns-website-db",
                "resource_version": "1919",
                "uid": "dd0e71bc-2e2d-4457-aac9-590c6859741c"
              }
            ],
            "spec": [
              {
                "min_ready_seconds": 0,
                "paused": false,
                "progress_deadline_seconds": 600,
                "replicas": "1",
                "revision_history_limit": 10,
                "selector": [
                  {
                    "match_expressions": [],
                    "match_labels": {
                      "app": "postgres"
                    }
                  }
                ],
                "strategy": [
                  {
                    "rolling_update": [
                      {
                        "max_surge": "25%",
                        "max_unavailable": "25%"
                      }
                    ],
                    "type": "RollingUpdate"
                  }
                ],
                "template": [
                  {
                    "metadata": [
                      {
                        "annotations": null,
                        "generate_name": "",
                        "generation": 0,
                        "labels": {
                          "app": "postgres"
                        },
                        "name": "",
                        "namespace": "",
                        "resource_version": "",
                        "uid": ""
                      }
                    ],
                    "spec": [
                      {
                        "active_deadline_seconds": 0,
                        "affinity": [],
                        "automount_service_account_token": true,
                        "container": [
                          {
                            "args": null,
                            "command": null,
                            "env": [
                              {
                                "name": "POSTGRES_DB",
                                "value": "my_database",
                                "value_from": []
                              },
                              {
                                "name": "POSTGRES_USER",
                                "value": "db_user",
                                "value_from": []
                              },
                              {
                                "name": "POSTGRES_PASSWORD",
                                "value": "mypassword",
                                "value_from": []
                              },
                              {
                                "name": "PGDATA",
                                "value": "/var/lib/postgresql/data/pgdata",
                                "value_from": []
                              }
                            ],
                            "env_from": [],
                            "image": "postgres:16",
                            "image_pull_policy": "IfNotPresent",
                            "lifecycle": [],
                            "liveness_probe": [],
                            "name": "postgres",
                            "port": [
                              {
                                "container_port": 5432,
                                "host_ip": "",
                                "host_port": 0,
                                "name": "",
                                "protocol": "TCP"
                              }
                            ],
                            "readiness_probe": [],
                            "resources": [
                              {
                                "limits": {},
                                "requests": {}
                              }
                            ],
                            "security_context": [],
                            "startup_probe": [],
                            "stdin": false,
                            "stdin_once": false,
                            "termination_message_path": "/dev/termination-log",
                            "termination_message_policy": "File",
                            "tty": false,
                            "volume_device": [],
                            "volume_mount": [
                              {
                                "mount_path": "/var/lib/postgresql/data",
                                "mount_propagation": "None",
                                "name": "postgres-storage",
                                "read_only": false,
                                "sub_path": ""
                              }
                            ],
                            "working_dir": ""
                          }
                        ],
                        "dns_config": [],
                        "dns_policy": "ClusterFirst",
                        "enable_service_links": true,
                        "host_aliases": [],
                        "host_ipc": false,
                        "host_network": false,
                        "host_pid": false,
                        "hostname": "",
                        "image_pull_secrets": [],
                        "init_container": [],
                        "node_name": "",
                        "node_selector": null,
                        "os": [],
                        "priority_class_name": "",
                        "readiness_gate": [],
                        "restart_policy": "Always",
                        "runtime_class_name": "",
                        "scheduler_name": "default-scheduler",
                        "security_context": [],
                        "service_account_name": "",
                        "share_process_namespace": false,
                        "subdomain": "",
                        "termination_grace_period_seconds": 30,
                        "toleration": [],
                        "topology_spread_constraint": [],
                        "volume": [
                          {
                            "aws_elastic_block_store": [],
                            "azure_disk": [],
                            "azure_file": [],
                            "ceph_fs": [],
                            "cinder": [],
                            "config_map": [],
                            "csi": [],
                            "downward_api": [],
                            "empty_dir": [],
                            "ephemeral": [],
                            "fc": [],
                            "flex_volume": [],
                            "flocker": [],
                            "gce_persistent_disk": [],
                            "git_repo": [],
                            "glusterfs": [],
                            "host_path": [],
                            "iscsi": [],
                            "local": [],
                            "name": "postgres-storage",
                            "nfs": [],
                            "persistent_volume_claim": [
                              {
                                "claim_name": "postgres-pvc",
                                "read_only": false
                              }
                            ],
                            "photon_persistent_disk": [],
                            "projected": [],
                            "quobyte": [],
                            "rbd": [],
                            "secret": [],
                            "vsphere_volume": []
                          }
                        ]
                      }
                    ]
                  }
                ]
              }
            ],
            "timeouts": null,
            "wait_for_rollout": true
          },
          "sensitive_attributes": [
            [
              {
                "type": "get_attr",
                "value": "spec"
              },
              {
                "type": "index",
                "value": {
                  "value": 0,
                  "type": "number"
                }
              },
              {
                "type": "get_attr",
                "value": "template"
              },
              {
                "type": "index",
                "value": {
                  "value": 0,
                  "type": "number"
                }
              },
              {
                "type": "get_attr",
                "value": "spec"
              },
              {
                "type": "index",
                "value": {
                  "value": 0,
                  "type": "number"
                }
              },
              {
                "type": "get_attr",
                "value": "container"
              },
              {
                "type": "index",
                "value": {
                  "value": 0,
                  "type": "number"
                }
              },
              {
                "type": "get_attr",
                "value": "env"
              },
              {
                "type": "index",
                "value": {
                  "value": 2,
                  "type": "number"
                }
              },
              {
                "type": "get_attr",
                "value": "value"
              }
            ]
          ],
          "private": "eyJlMmJmYjczMC1lY2FhLTExZTYtOGY4OC0zNDM2M2JjN2M0YzAiOnsiY3JlYXRlIjo2MDAwMDAwMDAwMDAsImRlbGV0ZSI6NjAwMDAwMDAwMDAwLCJ1cGRhdGUiOjYwMDAwMDAwMDAwMH0sInNjaGVtYV92ZXJzaW9uIjoiMSJ9",
          "dependencies": [
            "digitalocean_kubernetes_cluster.my-devops-cluster2",
            "kubernetes_persistent_volume_claim.postgres_pvc"
          ]
        }
      ]
    },
    {
      "mode": "managed",
      "type": "kubernetes_deployment",
      "name": "website",
      "provider": "provider[\"registry.terraform.io/hashicorp/kubernetes\"]",
      "instances": [
        {
          "schema_version": 1,
          "attributes": {
            "id": "ns-website-db/website",
            "metadata": [
              {
                "annotations": null,
                "generate_name": "",
                "generation": 1,
                "labels": null,
                "name": "website",
                "namespace": "ns-website-db",
                "resource_version": "1983",
                "uid": "cb004f25-fdc0-4349-ac10-001fee2cb01e"
              }
            ],
            "spec": [
              {
                "min_ready_seconds": 0,
                "paused": false,
                "progress_deadline_seconds": 600,
                "replicas": "1",
                "revision_history_limit": 10,
                "selector": [
                  {
                    "match_expressions": [],
                    "match_labels": {
                      "app": "website"
                    }
                  }
                ],
                "strategy": [
                  {
                    "rolling_update": [
                      {
                        "max_surge": "25%",
                        "max_unavailable": "25%"
                      }
                    ],
                    "type": "RollingUpdate"
                  }
                ],
                "template": [
                  {
                    "metadata": [
                      {
                        "annotations": null,
                        "generate_name": "",
                        "generation": 0,
                        "labels": {
                          "app": "website"
                        },
                        "name": "",
                        "namespace": "",
                        "resource_version": "",
                        "uid": ""
                      }
                    ],
                    "spec": [
                      {
                        "active_deadline_seconds": 0,
                        "affinity": [],
                        "automount_service_account_token": true,
                        "container": [
                          {
                            "args": null,
                            "command": null,
                            "env": [
                              {
                                "name": "DATABASE_URL",
                                "value": "postgresql://db_user:mypassword@postgres.ns-website-db.svc.cluster.local:5432/my_database",
                                "value_from": []
                              }
                            ],
                            "env_from": [],
                            "image": "registry.digitalocean.com/devops-cicd/fast-api:latest",
                            "image_pull_policy": "Always",
                            "lifecycle": [],
                            "liveness_probe": [],
                            "name": "website",
                            "port": [
                              {
                                "container_port": 8000,
                                "host_ip": "",
                                "host_port": 0,
                                "name": "",
                                "protocol": "TCP"
                              }
                            ],
                            "readiness_probe": [],
                            "resources": [
                              {
                                "limits": {},
                                "requests": {}
                              }
                            ],
                            "security_context": [],
                            "startup_probe": [],
                            "stdin": false,
                            "stdin_once": false,
                            "termination_message_path": "/dev/termination-log",
                            "termination_message_policy": "File",
                            "tty": false,
                            "volume_device": [],
                            "volume_mount": [],
                            "working_dir": ""
                          }
                        ],
                        "dns_config": [],
                        "dns_policy": "ClusterFirst",
                        "enable_service_links": true,
                        "host_aliases": [],
                        "host_ipc": false,
                        "host_network": false,
                        "host_pid": false,
                        "hostname": "",
                        "image_pull_secrets": [
                          {
                            "name": "do-secret"
                          },
                          {
                            "name": "do-secret"
                          }
                        ],
                        "init_container": [],
                        "node_name": "",
                        "node_selector": null,
                        "os": [],
                        "priority_class_name": "",
                        "readiness_gate": [],
                        "restart_policy": "Always",
                        "runtime_class_name": "",
                        "scheduler_name": "default-scheduler",
                        "security_context": [],
                        "service_account_name": "",
                        "share_process_namespace": false,
                        "subdomain": "",
                        "termination_grace_period_seconds": 30,
                        "toleration": [],
                        "topology_spread_constraint": [],
                        "volume": []
                      }
                    ]
                  }
                ]
              }
            ],
            "timeouts": null,
            "wait_for_rollout": true
          },
          "sensitive_attributes": [
            [
              {
                "type": "get_attr",
                "value": "spec"
              },
              {
                "type": "index",
                "value": {
                  "value": 0,
                  "type": "number"
                }
              },
              {
                "type": "get_attr",
                "value": "template"
              },
              {
                "type": "index",
                "value": {
                  "value": 0,
                  "type": "number"
                }
              },
              {
                "type": "get_attr",
                "value": "spec"
              },
              {
                "type": "index",
                "value": {
                  "value": 0,
                  "type": "number"
                }
              },
              {
                "type": "get_attr",
                "value": "container"
              },
              {
                "type": "index",
                "value": {
                  "value": 0,
                  "type": "number"
                }
              },
              {
                "type": "get_attr",
                "value": "env"
              },
              {
                "type": "index",
                "value": {
                  "value": 0,
                  "type": "number"
                }
              },
              {
                "type": "get_attr",
                "value": "value"
              }
            ]
          ],
          "private": "eyJlMmJmYjczMC1lY2FhLTExZTYtOGY4OC0zNDM2M2JjN2M0YzAiOnsiY3JlYXRlIjo2MDAwMDAwMDAwMDAsImRlbGV0ZSI6NjAwMDAwMDAwMDAwLCJ1cGRhdGUiOjYwMDAwMDAwMDAwMH0sInNjaGVtYV92ZXJzaW9uIjoiMSJ9",
          "dependencies": [
            "digitalocean_kubernetes_cluster.my-devops-cluster2",
            "kubernetes_namespace.namespace_creation",
            "kubernetes_secret.do_secret"
          ]
        }
      ]
    },
    {
      "mode": "managed",
      "type": "kubernetes_namespace",
      "name": "namespace_creation",
      "provider": "provider[\"registry.terraform.io/hashicorp/kubernetes\"]",
      "instances": [
        {
          "schema_version": 0,
          "attributes": {
            "id": "ns-website-db",
            "metadata": [
              {
                "annotations": null,
                "generate_name": "",
                "generation": 0,
                "labels": null,
                "name": "ns-website-db",
                "resource_version": "1536",
                "uid": "3d45bfad-c120-4a9a-a107-ad59a5bcf4ea"
              }
            ],
            "timeouts": null,
            "wait_for_default_service_account": false
          },
          "sensitive_attributes": [],
          "private": "eyJlMmJmYjczMC1lY2FhLTExZTYtOGY4OC0zNDM2M2JjN2M0YzAiOnsiZGVsZXRlIjozMDAwMDAwMDAwMDB9fQ==",
          "dependencies": [
            "digitalocean_kubernetes_cluster.my-devops-cluster2"
          ]
        }
      ]
    },
    {
      "mode": "managed",
      "type": "kubernetes_persistent_volume_claim",
      "name": "postgres_pvc",
      "provider": "provider[\"registry.terraform.io/hashicorp/kubernetes\"]",
      "instances": [
        {
          "schema_version": 0,
          "attributes": {
            "id": "ns-website-db/postgres-pvc",
            "metadata": [
              {
                "annotations": null,
                "generate_name": "",
                "generation": 0,
                "labels": null,
                "name": "postgres-pvc",
                "namespace": "ns-website-db",
                "resource_version": "1756",
                "uid": "b47ada32-ade3-4200-b6e6-71e15b80f356"
              }
            ],
            "spec": [
              {
                "access_modes": [
                  "ReadWriteOnce"
                ],
                "resources": [
                  {
                    "limits": null,
                    "requests": {
                      "storage": "1Gi"
                    }
                  }
                ],
                "selector": [],
                "storage_class_name": "do-block-storage",
                "volume_mode": "Filesystem",
                "volume_name": "pvc-b47ada32-ade3-4200-b6e6-71e15b80f356"
              }
            ],
            "timeouts": null,
            "wait_until_bound": true
          },
          "sensitive_attributes": [],
          "private": "eyJlMmJmYjczMC1lY2FhLTExZTYtOGY4OC0zNDM2M2JjN2M0YzAiOnsiY3JlYXRlIjozMDAwMDAwMDAwMDB9fQ==",
          "dependencies": [
            "digitalocean_kubernetes_cluster.my-devops-cluster2"
          ]
        }
      ]
    },
    {
      "mode": "managed",
      "type": "kubernetes_secret",
      "name": "do_secret",
      "provider": "provider[\"registry.terraform.io/hashicorp/kubernetes\"]",
      "instances": [
        {
          "schema_version": 0,
          "attributes": {
            "binary_data": null,
            "data": {
              ".dockerconfigjson": "{\"auths\":{\"registry.digitalocean.com\":{\"email\":\"fvaneknovi@gmail.com\",\"password\":\"dop_v1_6358076aac284cf8f72e32107602edd647a70f7ce3429535b4874836f599f11f\",\"username\":\"fransvanek\"}}}"
            },
            "id": "ns-website-db/do-secret",
            "immutable": false,
            "metadata": [
              {
                "annotations": null,
                "generate_name": "",
                "generation": 0,
                "labels": null,
                "name": "do-secret",
                "namespace": "ns-website-db",
                "resource_version": "1550",
                "uid": "d36624df-544c-425c-9921-63c32c620046"
              }
            ],
            "timeouts": null,
            "type": "kubernetes.io/dockerconfigjson",
            "wait_for_service_account_token": true
          },
          "sensitive_attributes": [
            [
              {
                "type": "get_attr",
                "value": "binary_data"
              }
            ],
            [
              {
                "type": "get_attr",
                "value": "data"
              }
            ],
            [
              {
                "type": "get_attr",
                "value": "data"
              },
              {
                "type": "index",
                "value": {
                  "value": ".dockerconfigjson",
                  "type": "string"
                }
              }
            ]
          ],
          "private": "eyJlMmJmYjczMC1lY2FhLTExZTYtOGY4OC0zNDM2M2JjN2M0YzAiOnsiY3JlYXRlIjo2MDAwMDAwMDAwMH19",
          "dependencies": [
            "digitalocean_kubernetes_cluster.my-devops-cluster2",
            "kubernetes_namespace.namespace_creation"
          ]
        }
      ]
    },
    {
      "mode": "managed",
      "type": "kubernetes_service",
      "name": "postgres",
      "provider": "provider[\"registry.terraform.io/hashicorp/kubernetes\"]",
      "instances": [
        {
          "schema_version": 1,
          "attributes": {
            "id": "ns-website-db/postgres",
            "metadata": [
              {
                "annotations": null,
                "generate_name": "",
                "generation": 0,
                "labels": null,
                "name": "postgres",
                "namespace": "ns-website-db",
                "resource_version": "1544",
                "uid": "6607d7d8-a7e7-4c79-8a86-0729e96115b6"
              }
            ],
            "spec": [
              {
                "allocate_load_balancer_node_ports": true,
                "cluster_ip": "10.245.119.214",
                "cluster_ips": [
                  "10.245.119.214"
                ],
                "external_ips": null,
                "external_name": "",
                "external_traffic_policy": "",
                "health_check_node_port": 0,
                "internal_traffic_policy": "Cluster",
                "ip_families": [
                  "IPv4"
                ],
                "ip_family_policy": "SingleStack",
                "load_balancer_class": "",
                "load_balancer_ip": "",
                "load_balancer_source_ranges": null,
                "port": [
                  {
                    "app_protocol": "",
                    "name": "",
                    "node_port": 0,
                    "port": 5432,
                    "protocol": "TCP",
                    "target_port": "5432"
                  }
                ],
                "publish_not_ready_addresses": false,
                "selector": {
                  "app": "postgres"
                },
                "session_affinity": "None",
                "session_affinity_config": [],
                "type": "ClusterIP"
              }
            ],
            "status": [
              {
                "load_balancer": [
                  {
                    "ingress": []
                  }
                ]
              }
            ],
            "timeouts": null,
            "wait_for_load_balancer": true
          },
          "sensitive_attributes": [],
          "private": "eyJlMmJmYjczMC1lY2FhLTExZTYtOGY4OC0zNDM2M2JjN2M0YzAiOnsiY3JlYXRlIjo2MDAwMDAwMDAwMDB9LCJzY2hlbWFfdmVyc2lvbiI6IjEifQ==",
          "dependencies": [
            "digitalocean_kubernetes_cluster.my-devops-cluster2"
          ]
        }
      ]
    },
    {
      "mode": "managed",
      "type": "kubernetes_service",
      "name": "website",
      "provider": "provider[\"registry.terraform.io/hashicorp/kubernetes\"]",
      "instances": [
        {
          "schema_version": 1,
          "attributes": {
            "id": "ns-website-db/website",
            "metadata": [
              {
                "annotations": {
                  "kubernetes.digitalocean.com/load-balancer-id": "db432d0f-71d3-48e1-95b2-749b865cfae2"
                },
                "generate_name": "",
                "generation": 0,
                "labels": null,
                "name": "website",
                "namespace": "ns-website-db",
                "resource_version": "2297",
                "uid": "89c08b9b-078e-44b0-a061-436fb64986e6"
              }
            ],
            "spec": [
              {
                "allocate_load_balancer_node_ports": true,
                "cluster_ip": "10.245.67.124",
                "cluster_ips": [
                  "10.245.67.124"
                ],
                "external_ips": null,
                "external_name": "",
                "external_traffic_policy": "Cluster",
                "health_check_node_port": 0,
                "internal_traffic_policy": "Cluster",
                "ip_families": [
                  "IPv4"
                ],
                "ip_family_policy": "SingleStack",
                "load_balancer_class": "",
                "load_balancer_ip": "",
                "load_balancer_source_ranges": null,
                "port": [
                  {
                    "app_protocol": "",
                    "name": "",
                    "node_port": 30241,
                    "port": 8000,
                    "protocol": "TCP",
                    "target_port": "8000"
                  }
                ],
                "publish_not_ready_addresses": false,
                "selector": {
                  "app": "website"
                },
                "session_affinity": "None",
                "session_affinity_config": [],
                "type": "LoadBalancer"
              }
            ],
            "status": [
              {
                "load_balancer": [
                  {
                    "ingress": [
                      {
                        "hostname": "",
                        "ip": "159.223.241.83"
                      }
                    ]
                  }
                ]
              }
            ],
            "timeouts": null,
            "wait_for_load_balancer": true
          },
          "sensitive_attributes": [],
          "private": "eyJlMmJmYjczMC1lY2FhLTExZTYtOGY4OC0zNDM2M2JjN2M0YzAiOnsiY3JlYXRlIjo2MDAwMDAwMDAwMDB9LCJzY2hlbWFfdmVyc2lvbiI6IjEifQ==",
          "dependencies": [
            "digitalocean_kubernetes_cluster.my-devops-cluster2"
          ]
        }
      ]
    }
  ],
  "check_results": null
}
